PODS:
  - Alamofire (5.4.4)
  - KakaoSDKAuth (2.8.5):
    - KakaoSDKCommon (= 2.8.5)
  - KakaoSDKCommon (2.8.5):
    - KakaoSDKCommon/Common (= 2.8.5)
    - KakaoSDKCommon/Network (= 2.8.5)
  - KakaoSDKCommon/Common (2.8.5)
  - KakaoSDKCommon/Network (2.8.5):
    - Alamofire (~> 5.1)
    - KakaoSDKCommon/Common (= 2.8.5)
  - KakaoSDKUser (2.8.5):
    - KakaoSDKAuth (= 2.8.5)

DEPENDENCIES:
  - KakaoSDKAuth
  - KakaoSDKCommon
  - KakaoSDKUser

SPEC REPOS:
  trunk:
    - Alamofire
    - KakaoSDKAuth
    - KakaoSDKCommon
    - KakaoSDKUser

SPEC CHECKSUMS:
  Alamofire: f3b09a368f1582ab751b3fff5460276e0d2cf5c9
  KakaoSDKAuth: a9033bd3fbbb9a8c74dcd0dbd7705f7a2bc50ff1
  KakaoSDKCommon: b98d08cf838effdc9b82aca7dee3e50c048880ca
  KakaoSDKUser: a76667bb06c1d5072178eea5cee4ac9fdba94679

PODFILE CHECKSUM: 15868ea1b9cf7cfbee3c346e8f0066affdf75fcc

COCOAPODS: 1.11.2
