// !$*UTF8*$!
{
	archiveVersion = 1;
	classes = {
	};
	objectVersion = 52;
	objects = {

/* Begin PBXBuildFile section */
		1A2F072F26D3E98D006844B0 /* FirebaseSPMApp.swift in Sources */ = {isa = PBXBuildFile; fileRef = 1A2F072E26D3E98D006844B0 /* FirebaseSPMApp.swift */; };
		1A2F073126D3E98D006844B0 /* ContentView.swift in Sources */ = {isa = PBXBuildFile; fileRef = 1A2F073026D3E98D006844B0 /* ContentView.swift */; };
		1A2F073326D3E991006844B0 /* Assets.xcassets in Resources */ = {isa = PBXBuildFile; fileRef = 1A2F073226D3E991006844B0 /* Assets.xcassets */; };
		1A2F073626D3E991006844B0 /* Preview Assets.xcassets in Resources */ = {isa = PBXBuildFile; fileRef = 1A2F073526D3E991006844B0 /* Preview Assets.xcassets */; };
		1A2F073E26D3EAEA006844B0 /* GoogleService-Info.plist in Resources */ = {isa = PBXBuildFile; fileRef = 1A2F073D26D3EAEA006844B0 /* GoogleService-Info.plist */; };
		1A2F074126D3ECAE006844B0 /* FirebaseAnalytics in Frameworks */ = {isa = PBXBuildFile; productRef = 1A2F074026D3ECAE006844B0 /* FirebaseAnalytics */; };
		1A2F074326D3ECAE006844B0 /* FirebaseFirestoreSwift-Beta in Frameworks */ = {isa = PBXBuildFile; productRef = 1A2F074226D3ECAE006844B0 /* FirebaseFirestoreSwift-Beta */; };
		1A2F074526D3ECAE006844B0 /* FirebaseAuth in Frameworks */ = {isa = PBXBuildFile; productRef = 1A2F074426D3ECAE006844B0 /* FirebaseAuth */; };
		1A2F074726D3ECAE006844B0 /* FirebaseFirestore in Frameworks */ = {isa = PBXBuildFile; productRef = 1A2F074626D3ECAE006844B0 /* FirebaseFirestore */; };
/* End PBXBuildFile section */

/* Begin PBXFileReference section */
		1A2F072B26D3E98D006844B0 /* FirebaseSPM.app */ = {isa = PBXFileReference; explicitFileType = wrapper.application; includeInIndex = 0; path = FirebaseSPM.app; sourceTree = BUILT_PRODUCTS_DIR; };
		1A2F072E26D3E98D006844B0 /* FirebaseSPMApp.swift */ = {isa = PBXFileReference; lastKnownFileType = sourcecode.swift; path = FirebaseSPMApp.swift; sourceTree = "<group>"; };
		1A2F073026D3E98D006844B0 /* ContentView.swift */ = {isa = PBXFileReference; lastKnownFileType = sourcecode.swift; path = ContentView.swift; sourceTree = "<group>"; };
		1A2F073226D3E991006844B0 /* Assets.xcassets */ = {isa = PBXFileReference; lastKnownFileType = folder.assetcatalog; path = Assets.xcassets; sourceTree = "<group>"; };
		1A2F073526D3E991006844B0 /* Preview Assets.xcassets */ = {isa = PBXFileReference; lastKnownFileType = folder.assetcatalog; path = "Preview Assets.xcassets"; sourceTree = "<group>"; };
		1A2F073726D3E991006844B0 /* Info.plist */ = {isa = PBXFileReference; lastKnownFileType = text.plist.xml; path = Info.plist; sourceTree = "<group>"; };
		1A2F073D26D3EAEA006844B0 /* GoogleService-Info.plist */ = {isa = PBXFileReference; fileEncoding = 4; lastKnownFileType = text.plist.xml; path = "GoogleService-Info.plist"; sourceTree = "<group>"; };
/* End PBXFileReference section */

/* Begin PBXFrameworksBuildPhase section */
		1A2F072826D3E98D006844B0 /* Frameworks */ = {
			isa = PBXFrameworksBuildPhase;
			buildActionMask = 2147483647;
			files = (
				1A2F074126D3ECAE006844B0 /* FirebaseAnalytics in Frameworks */,
				1A2F074726D3ECAE006844B0 /* FirebaseFirestore in Frameworks */,
				1A2F074526D3ECAE006844B0 /* FirebaseAuth in Frameworks */,
				1A2F074326D3ECAE006844B0 /* FirebaseFirestoreSwift-Beta in Frameworks */,
			);
			runOnlyForDeploymentPostprocessing = 0;
		};
/* End PBXFrameworksBuildPhase section */

/* Begin PBXGroup section */
		1A2F072226D3E98D006844B0 = {
			isa = PBXGroup;
			children = (
				1A2F072D26D3E98D006844B0 /* FirebaseSPM */,
				1A2F072C26D3E98D006844B0 /* Products */,
			);
			sourceTree = "<group>";
		};
		1A2F072C26D3E98D006844B0 /* Products */ = {
			isa = PBXGroup;
			children = (
				1A2F072B26D3E98D006844B0 /* FirebaseSPM.app */,
			);
			name = Products;
			sourceTree = "<group>";
		};
		1A2F072D26D3E98D006844B0 /* FirebaseSPM */ = {
			isa = PBXGroup;
			children = (
				1A2F072E26D3E98D006844B0 /* FirebaseSPMApp.swift */,
				1A2F073026D3E98D006844B0 /* ContentView.swift */,
				1A2F073226D3E991006844B0 /* Assets.xcassets */,
				1A2F073726D3E991006844B0 /* Info.plist */,
				1A2F073D26D3EAEA006844B0 /* GoogleService-Info.plist */,
				1A2F073426D3E991006844B0 /* Preview Content */,
			);
			path = FirebaseSPM;
			sourceTree = "<group>";
		};
		1A2F073426D3E991006844B0 /* Preview Content */ = {
			isa = PBXGroup;
			children = (
				1A2F073526D3E991006844B0 /* Preview Assets.xcassets */,
			);
			path = "Preview Content";
			sourceTree = "<group>";
		};
/* End PBXGroup section */

/* Begin PBXNativeTarget section */
		1A2F072A26D3E98D006844B0 /* FirebaseSPM */ = {
			isa = PBXNativeTarget;
			buildConfigurationList = 1A2F073A26D3E991006844B0 /* Build configuration list for PBXNativeTarget "FirebaseSPM" */;
			buildPhases = (
				1A2F072726D3E98D006844B0 /* Sources */,
				1A2F072826D3E98D006844B0 /* Frameworks */,
				1A2F072926D3E98D006844B0 /* Resources */,
			);
			buildRules = (
			);
			dependencies = (
			);
			name = FirebaseSPM;
			packageProductDependencies = (
				1A2F074026D3ECAE006844B0 /* FirebaseAnalytics */,
				1A2F074226D3ECAE006844B0 /* FirebaseFirestoreSwift-Beta */,
				1A2F074426D3ECAE006844B0 /* FirebaseAuth */,
				1A2F074626D3ECAE006844B0 /* FirebaseFirestore */,
			);
			productName = FirebaseSPM;
			productReference = 1A2F072B26D3E98D006844B0 /* FirebaseSPM.app */;
			productType = "com.apple.product-type.application";
		};
/* End PBXNativeTarget section */

/* Begin PBXProject section */
		1A2F072326D3E98D006844B0 /* Project object */ = {
			isa = PBXProject;
			attributes = {
				LastSwiftUpdateCheck = 1250;
				LastUpgradeCheck = 1250;
				TargetAttributes = {
					1A2F072A26D3E98D006844B0 = {
						CreatedOnToolsVersion = 12.5.1;
					};
				};
			};
			buildConfigurationList = 1A2F072626D3E98D006844B0 /* Build configuration list for PBXProject "FirebaseSPM" */;
			compatibilityVersion = "Xcode 9.3";
			developmentRegion = en;
			hasScannedForEncodings = 0;
			knownRegions = (
				en,
				Base,
			);
			mainGroup = 1A2F072226D3E98D006844B0;
			packageReferences = (
				1A2F073F26D3ECAE006844B0 /* XCRemoteSwiftPackageReference "firebase-ios-sdk" */,
			);
			productRefGroup = 1A2F072C26D3E98D006844B0 /* Products */;
			projectDirPath = "";
			projectRoot = "";
			targets = (
				1A2F072A26D3E98D006844B0 /* FirebaseSPM */,
			);
		};
/* End PBXProject section */

/* Begin PBXResourcesBuildPhase section */
		1A2F072926D3E98D006844B0 /* Resources */ = {
			isa = PBXResourcesBuildPhase;
			buildActionMask = 2147483647;
			files = (
				1A2F073626D3E991006844B0 /* Preview Assets.xcassets in Resources */,
				1A2F073326D3E991006844B0 /* Assets.xcassets in Resources */,
				1A2F073E26D3EAEA006844B0 /* GoogleService-Info.plist in Resources */,
			);
			runOnlyForDeploymentPostprocessing = 0;
		};
/* End PBXResourcesBuildPhase section */

/* Begin PBXSourcesBuildPhase section */
		1A2F072726D3E98D006844B0 /* Sources */ = {
			isa = PBXSourcesBuildPhase;
			buildActionMask = 2147483647;
			files = (
				1A2F073126D3E98D006844B0 /* ContentView.swift in Sources */,
				1A2F072F26D3E98D006844B0 /* FirebaseSPMApp.swift in Sources */,
			);
			runOnlyForDeploymentPostprocessing = 0;
		};
/* End PBXSourcesBuildPhase section */

/* Begin XCBuildConfiguration section */
		1A2F073826D3E991006844B0 /* Debug */ = {
			isa = XCBuildConfiguration;
			buildSettings = {
				ALWAYS_SEARCH_USER_PATHS = NO;
				CLANG_ANALYZER_NONNULL = YES;
				CLANG_ANALYZER_NUMBER_OBJECT_CONVERSION = YES_AGGRESSIVE;
				CLANG_CXX_LANGUAGE_STANDARD = "gnu++14";
				CLANG_CXX_LIBRARY = "libc++";
				CLANG_ENABLE_MODULES = YES;
				CLANG_ENABLE_OBJC_ARC = YES;
				CLANG_ENABLE_OBJC_WEAK = YES;
				CLANG_WARN_BLOCK_CAPTURE_AUTORELEASING = YES;
				CLANG_WARN_BOOL_CONVERSION = YES;
				CLANG_WARN_COMMA = YES;
				CLANG_WARN_CONSTANT_CONVERSION = YES;
				CLANG_WARN_DEPRECATED_OBJC_IMPLEMENTATIONS = YES;
				CLANG_WARN_DIRECT_OBJC_ISA_USAGE = YES_ERROR;
				CLANG_WARN_DOCUMENTATION_COMMENTS = YES;
				CLANG_WARN_EMPTY_BODY = YES;
				CLANG_WARN_ENUM_CONVERSION = YES;
				CLANG_WARN_INFINITE_RECURSION = YES;
				CLANG_WARN_INT_CONVERSION = YES;
				CLANG_WARN_NON_LITERAL_NULL_CONVERSION = YES;
				CLANG_WARN_OBJC_IMPLICIT_RETAIN_SELF = YES;
				CLANG_WARN_OBJC_LITERAL_CONVERSION = YES;
				CLANG_WARN_OBJC_ROOT_CLASS = YES_ERROR;
				CLANG_WARN_QUOTED_INCLUDE_IN_FRAMEWORK_HEADER = YES;
				CLANG_WARN_RANGE_LOOP_ANALYSIS = YES;
				CLANG_WARN_STRICT_PROTOTYPES = YES;
				CLANG_WARN_SUSPICIOUS_MOVE = YES;
				CLANG_WARN_UNGUARDED_AVAILABILITY = YES_AGGRESSIVE;
				CLANG_WARN_UNREACHABLE_CODE = YES;
				CLANG_WARN__DUPLICATE_METHOD_MATCH = YES;
				COPY_PHASE_STRIP = NO;
				DEBUG_INFORMATION_FORMAT = dwarf;
				ENABLE_STRICT_OBJC_MSGSEND = YES;
				ENABLE_TESTABILITY = YES;
				GCC_C_LANGUAGE_STANDARD = gnu11;
				GCC_DYNAMIC_NO_PIC = NO;
				GCC_NO_COMMON_BLOCKS = YES;
				GCC_OPTIMIZATION_LEVEL = 0;
				GCC_PREPROCESSOR_DEFINITIONS = (
					"DEBUG=1",
					"$(inherited)",
				);
				GCC_WARN_64_TO_32_BIT_CONVERSION = YES;
				GCC_WARN_ABOUT_RETURN_TYPE = YES_ERROR;
				GCC_WARN_UNDECLARED_SELECTOR = YES;
				GCC_WARN_UNINITIALIZED_AUTOS = YES_AGGRESSIVE;
				GCC_WARN_UNUSED_FUNCTION = YES;
				GCC_WARN_UNUSED_VARIABLE = YES;
				IPHONEOS_DEPLOYMENT_TARGET = 14.5;
				MTL_ENABLE_DEBUG_INFO = INCLUDE_SOURCE;
				MTL_FAST_MATH = YES;
				ONLY_ACTIVE_ARCH = YES;
				OTHER_LDFLAGS = "-ObjC";
				SDKROOT = iphoneos;
				SWIFT_ACTIVE_COMPILATION_CONDITIONS = DEBUG;
				SWIFT_OPTIMIZATION_LEVEL = "-Onone";
			};
			name = Debug;
		};
		1A2F073926D3E991006844B0 /* Release */ = {
			isa = XCBuildConfiguration;
			buildSettings = {
				ALWAYS_SEARCH_USER_PATHS = NO;
				CLANG_ANALYZER_NONNULL = YES;
				CLANG_ANALYZER_NUMBER_OBJECT_CONVERSION = YES_AGGRESSIVE;
				CLANG_CXX_LANGUAGE_STANDARD = "gnu++14";
				CLANG_CXX_LIBRARY = "libc++";
				CLANG_ENABLE_MODULES = YES;
				CLANG_ENABLE_OBJC_ARC = YES;
				CLANG_ENABLE_OBJC_WEAK = YES;
				CLANG_WARN_BLOCK_CAPTURE_AUTORELEASING = YES;
				CLANG_WARN_BOOL_CONVERSION = YES;
				CLANG_WARN_COMMA = YES;
				CLANG_WARN_CONSTANT_CONVERSION = YES;
				CLANG_WARN_DEPRECATED_OBJC_IMPLEMENTATIONS = YES;
				CLANG_WARN_DIRECT_OBJC_ISA_USAGE = YES_ERROR;
				CLANG_WARN_DOCUMENTATION_COMMENTS = YES;
				CLANG_WARN_EMPTY_BODY = YES;
				CLANG_WARN_ENUM_CONVERSION = YES;
				CLANG_WARN_INFINITE_RECURSION = YES;
				CLANG_WARN_INT_CONVERSION = YES;
				CLANG_WARN_NON_LITERAL_NULL_CONVERSION = YES;
				CLANG_WARN_OBJC_IMPLICIT_RETAIN_SELF = YES;
				CLANG_WARN_OBJC_LITERAL_CONVERSION = YES;
				CLANG_WARN_OBJC_ROOT_CLASS = YES_ERROR;
				CLANG_WARN_QUOTED_INCLUDE_IN_FRAMEWORK_HEADER = YES;
				CLANG_WARN_RANGE_LOOP_ANALYSIS = YES;
				CLANG_WARN_STRICT_PROTOTYPES = YES;
				CLANG_WARN_SUSPICIOUS_MOVE = YES;
				CLANG_WARN_UNGUARDED_AVAILABILITY = YES_AGGRESSIVE;
				CLANG_WARN_UNREACHABLE_CODE = YES;
				CLANG_WARN__DUPLICATE_METHOD_MATCH = YES;
				COPY_PHASE_STRIP = NO;
				DEBUG_INFORMATION_FORMAT = "dwarf-with-dsym";
				ENABLE_NS_ASSERTIONS = NO;
				ENABLE_STRICT_OBJC_MSGSEND = YES;
				GCC_C_LANGUAGE_STANDARD = gnu11;
				GCC_NO_COMMON_BLOCKS = YES;
				GCC_WARN_64_TO_32_BIT_CONVERSION = YES;
				GCC_WARN_ABOUT_RETURN_TYPE = YES_ERROR;
				GCC_WARN_UNDECLARED_SELECTOR = YES;
				GCC_WARN_UNINITIALIZED_AUTOS = YES_AGGRESSIVE;
				GCC_WARN_UNUSED_FUNCTION = YES;
				GCC_WARN_UNUSED_VARIABLE = YES;
				IPHONEOS_DEPLOYMENT_TARGET = 14.5;
				MTL_ENABLE_DEBUG_INFO = NO;
				MTL_FAST_MATH = YES;
				OTHER_LDFLAGS = "-ObjC";
				SDKROOT = iphoneos;
				SWIFT_COMPILATION_MODE = wholemodule;
				SWIFT_OPTIMIZATION_LEVEL = "-O";
				VALIDATE_PRODUCT = YES;
			};
			name = Release;
		};
		1A2F073B26D3E991006844B0 /* Debug */ = {
			isa = XCBuildConfiguration;
			buildSettings = {
				ASSETCATALOG_COMPILER_APPICON_NAME = AppIcon;
				ASSETCATALOG_COMPILER_GLOBAL_ACCENT_COLOR_NAME = AccentColor;
				CODE_SIGN_STYLE = Automatic;
				DEVELOPMENT_ASSET_PATHS = "\"FirebaseSPM/Preview Content\"";
				DEVELOPMENT_TEAM = ZKRH5N6RGG;
				ENABLE_PREVIEWS = YES;
				INFOPLIST_FILE = FirebaseSPM/Info.plist;
				IPHONEOS_DEPLOYMENT_TARGET = 14.0;
				LD_RUNPATH_SEARCH_PATHS = (
					"$(inherited)",
					"@executable_path/Frameworks",
				);
				PRODUCT_BUNDLE_IDENTIFIER = personal.parkgyurim.FirebaseSPM;
				PRODUCT_NAME = "$(TARGET_NAME)";
				SWIFT_VERSION = 5.0;
				TARGETED_DEVICE_FAMILY = "1,2";
			};
			name = Debug;
		};
		1A2F073C26D3E991006844B0 /* Release */ = {
			isa = XCBuildConfiguration;
			buildSettings = {
				ASSETCATALOG_COMPILER_APPICON_NAME = AppIcon;
				ASSETCATALOG_COMPILER_GLOBAL_ACCENT_COLOR_NAME = AccentColor;
				CODE_SIGN_STYLE = Automatic;
				DEVELOPMENT_ASSET_PATHS = "\"FirebaseSPM/Preview Content\"";
				DEVELOPMENT_TEAM = ZKRH5N6RGG;
				ENABLE_PREVIEWS = YES;
				INFOPLIST_FILE = FirebaseSPM/Info.plist;
				IPHONEOS_DEPLOYMENT_TARGET = 14.0;
				LD_RUNPATH_SEARCH_PATHS = (
					"$(inherited)",
					"@executable_path/Frameworks",
				);
				PRODUCT_BUNDLE_IDENTIFIER = personal.parkgyurim.FirebaseSPM;
				PRODUCT_NAME = "$(TARGET_NAME)";
				SWIFT_VERSION = 5.0;
				TARGETED_DEVICE_FAMILY = "1,2";
			};
			name = Release;
		};
/* End XCBuildConfiguration section */

/* Begin XCConfigurationList section */
		1A2F072626D3E98D006844B0 /* Build configuration list for PBXProject "FirebaseSPM" */ = {
			isa = XCConfigurationList;
			buildConfigurations = (
				1A2F073826D3E991006844B0 /* Debug */,
				1A2F073926D3E991006844B0 /* Release */,
			);
			defaultConfigurationIsVisible = 0;
			defaultConfigurationName = Release;
		};
		1A2F073A26D3E991006844B0 /* Build configuration list for PBXNativeTarget "FirebaseSPM" */ = {
			isa = XCConfigurationList;
			buildConfigurations = (
				1A2F073B26D3E991006844B0 /* Debug */,
				1A2F073C26D3E991006844B0 /* Release */,
			);
			defaultConfigurationIsVisible = 0;
			defaultConfigurationName = Release;
		};
/* End XCConfigurationList section */

/* Begin XCRemoteSwiftPackageReference section */
		1A2F073F26D3ECAE006844B0 /* XCRemoteSwiftPackageReference "firebase-ios-sdk" */ = {
			isa = XCRemoteSwiftPackageReference;
			repositoryURL = "https://github.com/firebase/firebase-ios-sdk.git";
			requirement = {
				kind = upToNextMajorVersion;
				minimumVersion = 8.6.0;
			};
		};
/* End XCRemoteSwiftPackageReference section */

/* Begin XCSwiftPackageProductDependency section */
		1A2F074026D3ECAE006844B0 /* FirebaseAnalytics */ = {
			isa = XCSwiftPackageProductDependency;
			package = 1A2F073F26D3ECAE006844B0 /* XCRemoteSwiftPackageReference "firebase-ios-sdk" */;
			productName = FirebaseAnalytics;
		};
		1A2F074226D3ECAE006844B0 /* FirebaseFirestoreSwift-Beta */ = {
			isa = XCSwiftPackageProductDependency;
			package = 1A2F073F26D3ECAE006844B0 /* XCRemoteSwiftPackageReference "firebase-ios-sdk" */;
			productName = "FirebaseFirestoreSwift-Beta";
		};
		1A2F074426D3ECAE006844B0 /* FirebaseAuth */ = {
			isa = XCSwiftPackageProductDependency;
			package = 1A2F073F26D3ECAE006844B0 /* XCRemoteSwiftPackageReference "firebase-ios-sdk" */;
			productName = FirebaseAuth;
		};
		1A2F074626D3ECAE006844B0 /* FirebaseFirestore */ = {
			isa = XCSwiftPackageProductDependency;
			package = 1A2F073F26D3ECAE006844B0 /* XCRemoteSwiftPackageReference "firebase-ios-sdk" */;
			productName = FirebaseFirestore;
		};
/* End XCSwiftPackageProductDependency section */
	};
	rootObject = 1A2F072326D3E98D006844B0 /* Project object */;
}
