// !$*UTF8*$!
{
	archiveVersion = 1;
	classes = {
	};
	objectVersion = 50;
	objects = {

/* Begin PBXBuildFile section */
		1A4FBD72259CA474002DE33C /* app007App.swift in Sources */ = {isa = PBXBuildFile; fileRef = 1A4FBD71259CA474002DE33C /* app007App.swift */; };
		1A4FBD74259CA474002DE33C /* ContentView.swift in Sources */ = {isa = PBXBuildFile; fileRef = 1A4FBD73259CA474002DE33C /* ContentView.swift */; };
		1A4FBD76259CA476002DE33C /* Assets.xcassets in Resources */ = {isa = PBXBuildFile; fileRef = 1A4FBD75259CA476002DE33C /* Assets.xcassets */; };
		1A4FBD79259CA476002DE33C /* Preview Assets.xcassets in Resources */ = {isa = PBXBuildFile; fileRef = 1A4FBD78259CA476002DE33C /* Preview Assets.xcassets */; };
		1A4FBD82259CA708002DE33C /* CodeScanner.swift in Sources */ = {isa = PBXBuildFile; fileRef = 1A4FBD81259CA708002DE33C /* CodeScanner.swift */; };
		1A4FBD87259CA7A1002DE33C /* QRCodeScannerExampleView.swift in Sources */ = {isa = PBXBuildFile; fileRef = 1A4FBD86259CA7A1002DE33C /* QRCodeScannerExampleView.swift */; };
		1A4FBD8B259CAB98002DE33C /* myWebView.swift in Sources */ = {isa = PBXBuildFile; fileRef = 1A4FBD8A259CAB98002DE33C /* myWebView.swift */; };
		1A4FBD8E259CB0F8002DE33C /* QRCodeGuideLineView.swift in Sources */ = {isa = PBXBuildFile; fileRef = 1A4FBD8D259CB0F8002DE33C /* QRCodeGuideLineView.swift */; };
/* End PBXBuildFile section */

/* Begin PBXFileReference section */
		1A4FBD6E259CA474002DE33C /* app007.app */ = {isa = PBXFileReference; explicitFileType = wrapper.application; includeInIndex = 0; path = app007.app; sourceTree = BUILT_PRODUCTS_DIR; };
		1A4FBD71259CA474002DE33C /* app007App.swift */ = {isa = PBXFileReference; lastKnownFileType = sourcecode.swift; path = app007App.swift; sourceTree = "<group>"; };
		1A4FBD73259CA474002DE33C /* ContentView.swift */ = {isa = PBXFileReference; lastKnownFileType = sourcecode.swift; path = ContentView.swift; sourceTree = "<group>"; };
		1A4FBD75259CA476002DE33C /* Assets.xcassets */ = {isa = PBXFileReference; lastKnownFileType = folder.assetcatalog; path = Assets.xcassets; sourceTree = "<group>"; };
		1A4FBD78259CA476002DE33C /* Preview Assets.xcassets */ = {isa = PBXFileReference; lastKnownFileType = folder.assetcatalog; path = "Preview Assets.xcassets"; sourceTree = "<group>"; };
		1A4FBD7A259CA476002DE33C /* Info.plist */ = {isa = PBXFileReference; lastKnownFileType = text.plist.xml; path = Info.plist; sourceTree = "<group>"; };
		1A4FBD81259CA708002DE33C /* CodeScanner.swift */ = {isa = PBXFileReference; lastKnownFileType = sourcecode.swift; path = CodeScanner.swift; sourceTree = "<group>"; };
		1A4FBD86259CA7A1002DE33C /* QRCodeScannerExampleView.swift */ = {isa = PBXFileReference; lastKnownFileType = sourcecode.swift; path = QRCodeScannerExampleView.swift; sourceTree = "<group>"; };
		1A4FBD8A259CAB98002DE33C /* myWebView.swift */ = {isa = PBXFileReference; lastKnownFileType = sourcecode.swift; path = myWebView.swift; sourceTree = "<group>"; };
		1A4FBD8D259CB0F8002DE33C /* QRCodeGuideLineView.swift */ = {isa = PBXFileReference; lastKnownFileType = sourcecode.swift; path = QRCodeGuideLineView.swift; sourceTree = "<group>"; };
/* End PBXFileReference section */

/* Begin PBXFrameworksBuildPhase section */
		1A4FBD6B259CA474002DE33C /* Frameworks */ = {
			isa = PBXFrameworksBuildPhase;
			buildActionMask = 2147483647;
			files = (
			);
			runOnlyForDeploymentPostprocessing = 0;
		};
/* End PBXFrameworksBuildPhase section */

/* Begin PBXGroup section */
		1A4FBD65259CA474002DE33C = {
			isa = PBXGroup;
			children = (
				1A4FBD70259CA474002DE33C /* app007 */,
				1A4FBD6F259CA474002DE33C /* Products */,
			);
			sourceTree = "<group>";
		};
		1A4FBD6F259CA474002DE33C /* Products */ = {
			isa = PBXGroup;
			children = (
				1A4FBD6E259CA474002DE33C /* app007.app */,
			);
			name = Products;
			sourceTree = "<group>";
		};
		1A4FBD70259CA474002DE33C /* app007 */ = {
			isa = PBXGroup;
			children = (
				1A4FBD71259CA474002DE33C /* app007App.swift */,
				1A4FBD73259CA474002DE33C /* ContentView.swift */,
				1A4FBD86259CA7A1002DE33C /* QRCodeScannerExampleView.swift */,
				1A4FBD84259CA714002DE33C /* QRCodeScanner */,
				1A4FBD75259CA476002DE33C /* Assets.xcassets */,
				1A4FBD7A259CA476002DE33C /* Info.plist */,
				1A4FBD77259CA476002DE33C /* Preview Content */,
				1A4FBD8A259CAB98002DE33C /* myWebView.swift */,
			);
			path = app007;
			sourceTree = "<group>";
		};
		1A4FBD77259CA476002DE33C /* Preview Content */ = {
			isa = PBXGroup;
			children = (
				1A4FBD78259CA476002DE33C /* Preview Assets.xcassets */,
			);
			path = "Preview Content";
			sourceTree = "<group>";
		};
		1A4FBD84259CA714002DE33C /* QRCodeScanner */ = {
			isa = PBXGroup;
			children = (
				1A4FBD81259CA708002DE33C /* CodeScanner.swift */,
				1A4FBD8D259CB0F8002DE33C /* QRCodeGuideLineView.swift */,
			);
			path = QRCodeScanner;
			sourceTree = "<group>";
		};
/* End PBXGroup section */

/* Begin PBXNativeTarget section */
		1A4FBD6D259CA474002DE33C /* app007 */ = {
			isa = PBXNativeTarget;
			buildConfigurationList = 1A4FBD7D259CA476002DE33C /* Build configuration list for PBXNativeTarget "app007" */;
			buildPhases = (
				1A4FBD6A259CA474002DE33C /* Sources */,
				1A4FBD6B259CA474002DE33C /* Frameworks */,
				1A4FBD6C259CA474002DE33C /* Resources */,
			);
			buildRules = (
			);
			dependencies = (
			);
			name = app007;
			productName = app007;
			productReference = 1A4FBD6E259CA474002DE33C /* app007.app */;
			productType = "com.apple.product-type.application";
		};
/* End PBXNativeTarget section */

/* Begin PBXProject section */
		1A4FBD66259CA474002DE33C /* Project object */ = {
			isa = PBXProject;
			attributes = {
				LastSwiftUpdateCheck = 1230;
				LastUpgradeCheck = 1230;
				TargetAttributes = {
					1A4FBD6D259CA474002DE33C = {
						CreatedOnToolsVersion = 12.3;
					};
				};
			};
			buildConfigurationList = 1A4FBD69259CA474002DE33C /* Build configuration list for PBXProject "app007" */;
			compatibilityVersion = "Xcode 9.3";
			developmentRegion = en;
			hasScannedForEncodings = 0;
			knownRegions = (
				en,
				Base,
			);
			mainGroup = 1A4FBD65259CA474002DE33C;
			productRefGroup = 1A4FBD6F259CA474002DE33C /* Products */;
			projectDirPath = "";
			projectRoot = "";
			targets = (
				1A4FBD6D259CA474002DE33C /* app007 */,
			);
		};
/* End PBXProject section */

/* Begin PBXResourcesBuildPhase section */
		1A4FBD6C259CA474002DE33C /* Resources */ = {
			isa = PBXResourcesBuildPhase;
			buildActionMask = 2147483647;
			files = (
				1A4FBD79259CA476002DE33C /* Preview Assets.xcassets in Resources */,
				1A4FBD76259CA476002DE33C /* Assets.xcassets in Resources */,
			);
			runOnlyForDeploymentPostprocessing = 0;
		};
/* End PBXResourcesBuildPhase section */

/* Begin PBXSourcesBuildPhase section */
		1A4FBD6A259CA474002DE33C /* Sources */ = {
			isa = PBXSourcesBuildPhase;
			buildActionMask = 2147483647;
			files = (
				1A4FBD8B259CAB98002DE33C /* myWebView.swift in Sources */,
				1A4FBD87259CA7A1002DE33C /* QRCodeScannerExampleView.swift in Sources */,
				1A4FBD82259CA708002DE33C /* CodeScanner.swift in Sources */,
				1A4FBD8E259CB0F8002DE33C /* QRCodeGuideLineView.swift in Sources */,
				1A4FBD74259CA474002DE33C /* ContentView.swift in Sources */,
				1A4FBD72259CA474002DE33C /* app007App.swift in Sources */,
			);
			runOnlyForDeploymentPostprocessing = 0;
		};
/* End PBXSourcesBuildPhase section */

/* Begin XCBuildConfiguration section */
		1A4FBD7B259CA476002DE33C /* Debug */ = {
			isa = XCBuildConfiguration;
			buildSettings = {
				ALWAYS_SEARCH_USER_PATHS = NO;
				CLANG_ANALYZER_NONNULL = YES;
				CLANG_ANALYZER_NUMBER_OBJECT_CONVERSION = YES_AGGRESSIVE;
				CLANG_CXX_LANGUAGE_STANDARD = "gnu++14";
				CLANG_CXX_LIBRARY = "libc++";
				CLANG_ENABLE_MODULES = YES;
				CLANG_ENABLE_OBJC_ARC = YES;
				CLANG_ENABLE_OBJC_WEAK = YES;
				CLANG_WARN_BLOCK_CAPTURE_AUTORELEASING = YES;
				CLANG_WARN_BOOL_CONVERSION = YES;
				CLANG_WARN_COMMA = YES;
				CLANG_WARN_CONSTANT_CONVERSION = YES;
				CLANG_WARN_DEPRECATED_OBJC_IMPLEMENTATIONS = YES;
				CLANG_WARN_DIRECT_OBJC_ISA_USAGE = YES_ERROR;
				CLANG_WARN_DOCUMENTATION_COMMENTS = YES;
				CLANG_WARN_EMPTY_BODY = YES;
				CLANG_WARN_ENUM_CONVERSION = YES;
				CLANG_WARN_INFINITE_RECURSION = YES;
				CLANG_WARN_INT_CONVERSION = YES;
				CLANG_WARN_NON_LITERAL_NULL_CONVERSION = YES;
				CLANG_WARN_OBJC_IMPLICIT_RETAIN_SELF = YES;
				CLANG_WARN_OBJC_LITERAL_CONVERSION = YES;
				CLANG_WARN_OBJC_ROOT_CLASS = YES_ERROR;
				CLANG_WARN_QUOTED_INCLUDE_IN_FRAMEWORK_HEADER = YES;
				CLANG_WARN_RANGE_LOOP_ANALYSIS = YES;
				CLANG_WARN_STRICT_PROTOTYPES = YES;
				CLANG_WARN_SUSPICIOUS_MOVE = YES;
				CLANG_WARN_UNGUARDED_AVAILABILITY = YES_AGGRESSIVE;
				CLANG_WARN_UNREACHABLE_CODE = YES;
				CLANG_WARN__DUPLICATE_METHOD_MATCH = YES;
				COPY_PHASE_STRIP = NO;
				DEBUG_INFORMATION_FORMAT = dwarf;
				ENABLE_STRICT_OBJC_MSGSEND = YES;
				ENABLE_TESTABILITY = YES;
				GCC_C_LANGUAGE_STANDARD = gnu11;
				GCC_DYNAMIC_NO_PIC = NO;
				GCC_NO_COMMON_BLOCKS = YES;
				GCC_OPTIMIZATION_LEVEL = 0;
				GCC_PREPROCESSOR_DEFINITIONS = (
					"DEBUG=1",
					"$(inherited)",
				);
				GCC_WARN_64_TO_32_BIT_CONVERSION = YES;
				GCC_WARN_ABOUT_RETURN_TYPE = YES_ERROR;
				GCC_WARN_UNDECLARED_SELECTOR = YES;
				GCC_WARN_UNINITIALIZED_AUTOS = YES_AGGRESSIVE;
				GCC_WARN_UNUSED_FUNCTION = YES;
				GCC_WARN_UNUSED_VARIABLE = YES;
				IPHONEOS_DEPLOYMENT_TARGET = 14.3;
				MTL_ENABLE_DEBUG_INFO = INCLUDE_SOURCE;
				MTL_FAST_MATH = YES;
				ONLY_ACTIVE_ARCH = YES;
				SDKROOT = iphoneos;
				SWIFT_ACTIVE_COMPILATION_CONDITIONS = DEBUG;
				SWIFT_OPTIMIZATION_LEVEL = "-Onone";
			};
			name = Debug;
		};
		1A4FBD7C259CA476002DE33C /* Release */ = {
			isa = XCBuildConfiguration;
			buildSettings = {
				ALWAYS_SEARCH_USER_PATHS = NO;
				CLANG_ANALYZER_NONNULL = YES;
				CLANG_ANALYZER_NUMBER_OBJECT_CONVERSION = YES_AGGRESSIVE;
				CLANG_CXX_LANGUAGE_STANDARD = "gnu++14";
				CLANG_CXX_LIBRARY = "libc++";
				CLANG_ENABLE_MODULES = YES;
				CLANG_ENABLE_OBJC_ARC = YES;
				CLANG_ENABLE_OBJC_WEAK = YES;
				CLANG_WARN_BLOCK_CAPTURE_AUTORELEASING = YES;
				CLANG_WARN_BOOL_CONVERSION = YES;
				CLANG_WARN_COMMA = YES;
				CLANG_WARN_CONSTANT_CONVERSION = YES;
				CLANG_WARN_DEPRECATED_OBJC_IMPLEMENTATIONS = YES;
				CLANG_WARN_DIRECT_OBJC_ISA_USAGE = YES_ERROR;
				CLANG_WARN_DOCUMENTATION_COMMENTS = YES;
				CLANG_WARN_EMPTY_BODY = YES;
				CLANG_WARN_ENUM_CONVERSION = YES;
				CLANG_WARN_INFINITE_RECURSION = YES;
				CLANG_WARN_INT_CONVERSION = YES;
				CLANG_WARN_NON_LITERAL_NULL_CONVERSION = YES;
				CLANG_WARN_OBJC_IMPLICIT_RETAIN_SELF = YES;
				CLANG_WARN_OBJC_LITERAL_CONVERSION = YES;
				CLANG_WARN_OBJC_ROOT_CLASS = YES_ERROR;
				CLANG_WARN_QUOTED_INCLUDE_IN_FRAMEWORK_HEADER = YES;
				CLANG_WARN_RANGE_LOOP_ANALYSIS = YES;
				CLANG_WARN_STRICT_PROTOTYPES = YES;
				CLANG_WARN_SUSPICIOUS_MOVE = YES;
				CLANG_WARN_UNGUARDED_AVAILABILITY = YES_AGGRESSIVE;
				CLANG_WARN_UNREACHABLE_CODE = YES;
				CLANG_WARN__DUPLICATE_METHOD_MATCH = YES;
				COPY_PHASE_STRIP = NO;
				DEBUG_INFORMATION_FORMAT = "dwarf-with-dsym";
				ENABLE_NS_ASSERTIONS = NO;
				ENABLE_STRICT_OBJC_MSGSEND = YES;
				GCC_C_LANGUAGE_STANDARD = gnu11;
				GCC_NO_COMMON_BLOCKS = YES;
				GCC_WARN_64_TO_32_BIT_CONVERSION = YES;
				GCC_WARN_ABOUT_RETURN_TYPE = YES_ERROR;
				GCC_WARN_UNDECLARED_SELECTOR = YES;
				GCC_WARN_UNINITIALIZED_AUTOS = YES_AGGRESSIVE;
				GCC_WARN_UNUSED_FUNCTION = YES;
				GCC_WARN_UNUSED_VARIABLE = YES;
				IPHONEOS_DEPLOYMENT_TARGET = 14.3;
				MTL_ENABLE_DEBUG_INFO = NO;
				MTL_FAST_MATH = YES;
				SDKROOT = iphoneos;
				SWIFT_COMPILATION_MODE = wholemodule;
				SWIFT_OPTIMIZATION_LEVEL = "-O";
				VALIDATE_PRODUCT = YES;
			};
			name = Release;
		};
		1A4FBD7E259CA476002DE33C /* Debug */ = {
			isa = XCBuildConfiguration;
			buildSettings = {
				ASSETCATALOG_COMPILER_APPICON_NAME = AppIcon;
				ASSETCATALOG_COMPILER_GLOBAL_ACCENT_COLOR_NAME = AccentColor;
				CODE_SIGN_STYLE = Automatic;
				DEVELOPMENT_ASSET_PATHS = "\"app007/Preview Content\"";
				DEVELOPMENT_TEAM = ZKRH5N6RGG;
				ENABLE_PREVIEWS = YES;
				INFOPLIST_FILE = app007/Info.plist;
				IPHONEOS_DEPLOYMENT_TARGET = 14.0;
				LD_RUNPATH_SEARCH_PATHS = (
					"$(inherited)",
					"@executable_path/Frameworks",
				);
				PRODUCT_BUNDLE_IDENTIFIER = parkgyurim.app007;
				PRODUCT_NAME = "$(TARGET_NAME)";
				SWIFT_VERSION = 5.0;
				TARGETED_DEVICE_FAMILY = "1,2";
			};
			name = Debug;
		};
		1A4FBD7F259CA476002DE33C /* Release */ = {
			isa = XCBuildConfiguration;
			buildSettings = {
				ASSETCATALOG_COMPILER_APPICON_NAME = AppIcon;
				ASSETCATALOG_COMPILER_GLOBAL_ACCENT_COLOR_NAME = AccentColor;
				CODE_SIGN_STYLE = Automatic;
				DEVELOPMENT_ASSET_PATHS = "\"app007/Preview Content\"";
				DEVELOPMENT_TEAM = ZKRH5N6RGG;
				ENABLE_PREVIEWS = YES;
				INFOPLIST_FILE = app007/Info.plist;
				IPHONEOS_DEPLOYMENT_TARGET = 14.0;
				LD_RUNPATH_SEARCH_PATHS = (
					"$(inherited)",
					"@executable_path/Frameworks",
				);
				PRODUCT_BUNDLE_IDENTIFIER = parkgyurim.app007;
				PRODUCT_NAME = "$(TARGET_NAME)";
				SWIFT_VERSION = 5.0;
				TARGETED_DEVICE_FAMILY = "1,2";
			};
			name = Release;
		};
/* End XCBuildConfiguration section */

/* Begin XCConfigurationList section */
		1A4FBD69259CA474002DE33C /* Build configuration list for PBXProject "app007" */ = {
			isa = XCConfigurationList;
			buildConfigurations = (
				1A4FBD7B259CA476002DE33C /* Debug */,
				1A4FBD7C259CA476002DE33C /* Release */,
			);
			defaultConfigurationIsVisible = 0;
			defaultConfigurationName = Release;
		};
		1A4FBD7D259CA476002DE33C /* Build configuration list for PBXNativeTarget "app007" */ = {
			isa = XCConfigurationList;
			buildConfigurations = (
				1A4FBD7E259CA476002DE33C /* Debug */,
				1A4FBD7F259CA476002DE33C /* Release */,
			);
			defaultConfigurationIsVisible = 0;
			defaultConfigurationName = Release;
		};
/* End XCConfigurationList section */
	};
	rootObject = 1A4FBD66259CA474002DE33C /* Project object */;
}
