// !$*UTF8*$!
{
	archiveVersion = 1;
	classes = {
	};
	objectVersion = 55;
	objects = {

/* Begin PBXBuildFile section */
		1A085CAF27E42EA40010E630 /* ImagePicker.swift in Sources */ = {isa = PBXBuildFile; fileRef = 1A085CAE27E42EA40010E630 /* ImagePicker.swift */; };
		1A085CB427E4515B0010E630 /* ContentViewModel.swift in Sources */ = {isa = PBXBuildFile; fileRef = 1A085CB327E4515B0010E630 /* ContentViewModel.swift */; };
		1AE7B53227EA151900222FCF /* Kingfisher in Frameworks */ = {isa = PBXBuildFile; productRef = 1AE7B53127EA151900222FCF /* Kingfisher */; };
		1AE7B53727ED40FC00222FCF /* Alamofire in Frameworks */ = {isa = PBXBuildFile; productRef = 1AE7B53627ED40FC00222FCF /* Alamofire */; };
		1AE7B53927ED438600222FCF /* Chat+ResponseData.swift in Sources */ = {isa = PBXBuildFile; fileRef = 1AE7B53827ED438600222FCF /* Chat+ResponseData.swift */; };
		1AE7B53C27ED4C7000222FCF /* ItemInfoView.swift in Sources */ = {isa = PBXBuildFile; fileRef = 1AE7B53B27ED4C7000222FCF /* ItemInfoView.swift */; };
		1AE7B53E27ED4C9500222FCF /* ItemViewViewModel.swift in Sources */ = {isa = PBXBuildFile; fileRef = 1AE7B53D27ED4C9500222FCF /* ItemViewViewModel.swift */; };
		1AFB6CF727E40E1100B9D0A9 /* SendbirdChatPracApp.swift in Sources */ = {isa = PBXBuildFile; fileRef = 1AFB6CF627E40E1100B9D0A9 /* SendbirdChatPracApp.swift */; };
		1AFB6CF927E40E1100B9D0A9 /* ContentView.swift in Sources */ = {isa = PBXBuildFile; fileRef = 1AFB6CF827E40E1100B9D0A9 /* ContentView.swift */; };
		1AFB6CFB27E40E1300B9D0A9 /* Assets.xcassets in Resources */ = {isa = PBXBuildFile; fileRef = 1AFB6CFA27E40E1300B9D0A9 /* Assets.xcassets */; };
		1AFB6CFE27E40E1300B9D0A9 /* Preview Assets.xcassets in Resources */ = {isa = PBXBuildFile; fileRef = 1AFB6CFD27E40E1300B9D0A9 /* Preview Assets.xcassets */; };
		783B63A7E766FA3D9B036DC6 /* Pods_SendbirdChatPrac.framework in Frameworks */ = {isa = PBXBuildFile; fileRef = 2676183E58FFD7FF5359245F /* Pods_SendbirdChatPrac.framework */; };
/* End PBXBuildFile section */

/* Begin PBXFileReference section */
		1A085CAE27E42EA40010E630 /* ImagePicker.swift */ = {isa = PBXFileReference; lastKnownFileType = sourcecode.swift; path = ImagePicker.swift; sourceTree = "<group>"; };
		1A085CB327E4515B0010E630 /* ContentViewModel.swift */ = {isa = PBXFileReference; lastKnownFileType = sourcecode.swift; path = ContentViewModel.swift; sourceTree = "<group>"; };
		1AE7B53827ED438600222FCF /* Chat+ResponseData.swift */ = {isa = PBXFileReference; lastKnownFileType = sourcecode.swift; path = "Chat+ResponseData.swift"; sourceTree = "<group>"; };
		1AE7B53A27ED45EE00222FCF /* Info.plist */ = {isa = PBXFileReference; lastKnownFileType = text.plist; path = Info.plist; sourceTree = "<group>"; };
		1AE7B53B27ED4C7000222FCF /* ItemInfoView.swift */ = {isa = PBXFileReference; lastKnownFileType = sourcecode.swift; path = ItemInfoView.swift; sourceTree = "<group>"; };
		1AE7B53D27ED4C9500222FCF /* ItemViewViewModel.swift */ = {isa = PBXFileReference; lastKnownFileType = sourcecode.swift; path = ItemViewViewModel.swift; sourceTree = "<group>"; };
		1AFB6CF327E40E1100B9D0A9 /* SendbirdChatPrac.app */ = {isa = PBXFileReference; explicitFileType = wrapper.application; includeInIndex = 0; path = SendbirdChatPrac.app; sourceTree = BUILT_PRODUCTS_DIR; };
		1AFB6CF627E40E1100B9D0A9 /* SendbirdChatPracApp.swift */ = {isa = PBXFileReference; lastKnownFileType = sourcecode.swift; path = SendbirdChatPracApp.swift; sourceTree = "<group>"; };
		1AFB6CF827E40E1100B9D0A9 /* ContentView.swift */ = {isa = PBXFileReference; lastKnownFileType = sourcecode.swift; path = ContentView.swift; sourceTree = "<group>"; };
		1AFB6CFA27E40E1300B9D0A9 /* Assets.xcassets */ = {isa = PBXFileReference; lastKnownFileType = folder.assetcatalog; path = Assets.xcassets; sourceTree = "<group>"; };
		1AFB6CFD27E40E1300B9D0A9 /* Preview Assets.xcassets */ = {isa = PBXFileReference; lastKnownFileType = folder.assetcatalog; path = "Preview Assets.xcassets"; sourceTree = "<group>"; };
		2676183E58FFD7FF5359245F /* Pods_SendbirdChatPrac.framework */ = {isa = PBXFileReference; explicitFileType = wrapper.framework; includeInIndex = 0; path = Pods_SendbirdChatPrac.framework; sourceTree = BUILT_PRODUCTS_DIR; };
		E5C4DFD13467CDE514220C77 /* Pods-SendbirdChatPrac.release.xcconfig */ = {isa = PBXFileReference; includeInIndex = 1; lastKnownFileType = text.xcconfig; name = "Pods-SendbirdChatPrac.release.xcconfig"; path = "Target Support Files/Pods-SendbirdChatPrac/Pods-SendbirdChatPrac.release.xcconfig"; sourceTree = "<group>"; };
		E9B8D44FC2D95B4230C06F00 /* Pods-SendbirdChatPrac.debug.xcconfig */ = {isa = PBXFileReference; includeInIndex = 1; lastKnownFileType = text.xcconfig; name = "Pods-SendbirdChatPrac.debug.xcconfig"; path = "Target Support Files/Pods-SendbirdChatPrac/Pods-SendbirdChatPrac.debug.xcconfig"; sourceTree = "<group>"; };
/* End PBXFileReference section */

/* Begin PBXFrameworksBuildPhase section */
		1AFB6CF027E40E1100B9D0A9 /* Frameworks */ = {
			isa = PBXFrameworksBuildPhase;
			buildActionMask = 2147483647;
			files = (
				1AE7B53727ED40FC00222FCF /* Alamofire in Frameworks */,
				1AE7B53227EA151900222FCF /* Kingfisher in Frameworks */,
				783B63A7E766FA3D9B036DC6 /* Pods_SendbirdChatPrac.framework in Frameworks */,
			);
			runOnlyForDeploymentPostprocessing = 0;
		};
/* End PBXFrameworksBuildPhase section */

/* Begin PBXGroup section */
		1AFB6CEA27E40E1100B9D0A9 = {
			isa = PBXGroup;
			children = (
				1AFB6CF527E40E1100B9D0A9 /* SendbirdChatPrac */,
				1AFB6CF427E40E1100B9D0A9 /* Products */,
				A88244869B72D79B93961AFE /* Pods */,
				71821012DD2641F58955C1F7 /* Frameworks */,
			);
			sourceTree = "<group>";
		};
		1AFB6CF427E40E1100B9D0A9 /* Products */ = {
			isa = PBXGroup;
			children = (
				1AFB6CF327E40E1100B9D0A9 /* SendbirdChatPrac.app */,
			);
			name = Products;
			sourceTree = "<group>";
		};
		1AFB6CF527E40E1100B9D0A9 /* SendbirdChatPrac */ = {
			isa = PBXGroup;
			children = (
				1AE7B53A27ED45EE00222FCF /* Info.plist */,
				1AFB6CF627E40E1100B9D0A9 /* SendbirdChatPracApp.swift */,
				1AFB6CF827E40E1100B9D0A9 /* ContentView.swift */,
				1A085CB327E4515B0010E630 /* ContentViewModel.swift */,
				1AE7B53B27ED4C7000222FCF /* ItemInfoView.swift */,
				1AE7B53D27ED4C9500222FCF /* ItemViewViewModel.swift */,
				1AE7B53827ED438600222FCF /* Chat+ResponseData.swift */,
				1A085CAE27E42EA40010E630 /* ImagePicker.swift */,
				1AFB6CFA27E40E1300B9D0A9 /* Assets.xcassets */,
				1AFB6CFC27E40E1300B9D0A9 /* Preview Content */,
			);
			path = SendbirdChatPrac;
			sourceTree = "<group>";
		};
		1AFB6CFC27E40E1300B9D0A9 /* Preview Content */ = {
			isa = PBXGroup;
			children = (
				1AFB6CFD27E40E1300B9D0A9 /* Preview Assets.xcassets */,
			);
			path = "Preview Content";
			sourceTree = "<group>";
		};
		71821012DD2641F58955C1F7 /* Frameworks */ = {
			isa = PBXGroup;
			children = (
				2676183E58FFD7FF5359245F /* Pods_SendbirdChatPrac.framework */,
			);
			name = Frameworks;
			sourceTree = "<group>";
		};
		A88244869B72D79B93961AFE /* Pods */ = {
			isa = PBXGroup;
			children = (
				E9B8D44FC2D95B4230C06F00 /* Pods-SendbirdChatPrac.debug.xcconfig */,
				E5C4DFD13467CDE514220C77 /* Pods-SendbirdChatPrac.release.xcconfig */,
			);
			path = Pods;
			sourceTree = "<group>";
		};
/* End PBXGroup section */

/* Begin PBXNativeTarget section */
		1AFB6CF227E40E1100B9D0A9 /* SendbirdChatPrac */ = {
			isa = PBXNativeTarget;
			buildConfigurationList = 1AFB6D0127E40E1300B9D0A9 /* Build configuration list for PBXNativeTarget "SendbirdChatPrac" */;
			buildPhases = (
				71E0CB498A0C5FE63B97B76E /* [CP] Check Pods Manifest.lock */,
				1AFB6CEF27E40E1100B9D0A9 /* Sources */,
				1AFB6CF027E40E1100B9D0A9 /* Frameworks */,
				1AFB6CF127E40E1100B9D0A9 /* Resources */,
				07E64D99DDCB12A644B8C920 /* [CP] Embed Pods Frameworks */,
			);
			buildRules = (
			);
			dependencies = (
			);
			name = SendbirdChatPrac;
			packageProductDependencies = (
				1AE7B53127EA151900222FCF /* Kingfisher */,
				1AE7B53627ED40FC00222FCF /* Alamofire */,
			);
			productName = SendbirdChatPrac;
			productReference = 1AFB6CF327E40E1100B9D0A9 /* SendbirdChatPrac.app */;
			productType = "com.apple.product-type.application";
		};
/* End PBXNativeTarget section */

/* Begin PBXProject section */
		1AFB6CEB27E40E1100B9D0A9 /* Project object */ = {
			isa = PBXProject;
			attributes = {
				BuildIndependentTargetsInParallel = 1;
				LastSwiftUpdateCheck = 1330;
				LastUpgradeCheck = 1330;
				TargetAttributes = {
					1AFB6CF227E40E1100B9D0A9 = {
						CreatedOnToolsVersion = 13.3;
					};
				};
			};
			buildConfigurationList = 1AFB6CEE27E40E1100B9D0A9 /* Build configuration list for PBXProject "SendbirdChatPrac" */;
			compatibilityVersion = "Xcode 13.0";
			developmentRegion = en;
			hasScannedForEncodings = 0;
			knownRegions = (
				en,
				Base,
			);
			mainGroup = 1AFB6CEA27E40E1100B9D0A9;
			packageReferences = (
				1AE7B53027EA151800222FCF /* XCRemoteSwiftPackageReference "Kingfisher" */,
				1AE7B53527ED40FB00222FCF /* XCRemoteSwiftPackageReference "Alamofire" */,
			);
			productRefGroup = 1AFB6CF427E40E1100B9D0A9 /* Products */;
			projectDirPath = "";
			projectRoot = "";
			targets = (
				1AFB6CF227E40E1100B9D0A9 /* SendbirdChatPrac */,
			);
		};
/* End PBXProject section */

/* Begin PBXResourcesBuildPhase section */
		1AFB6CF127E40E1100B9D0A9 /* Resources */ = {
			isa = PBXResourcesBuildPhase;
			buildActionMask = 2147483647;
			files = (
				1AFB6CFE27E40E1300B9D0A9 /* Preview Assets.xcassets in Resources */,
				1AFB6CFB27E40E1300B9D0A9 /* Assets.xcassets in Resources */,
			);
			runOnlyForDeploymentPostprocessing = 0;
		};
/* End PBXResourcesBuildPhase section */

/* Begin PBXShellScriptBuildPhase section */
		07E64D99DDCB12A644B8C920 /* [CP] Embed Pods Frameworks */ = {
			isa = PBXShellScriptBuildPhase;
			buildActionMask = 2147483647;
			files = (
			);
			inputFileListPaths = (
				"${PODS_ROOT}/Target Support Files/Pods-SendbirdChatPrac/Pods-SendbirdChatPrac-frameworks-${CONFIGURATION}-input-files.xcfilelist",
			);
			name = "[CP] Embed Pods Frameworks";
			outputFileListPaths = (
				"${PODS_ROOT}/Target Support Files/Pods-SendbirdChatPrac/Pods-SendbirdChatPrac-frameworks-${CONFIGURATION}-output-files.xcfilelist",
			);
			runOnlyForDeploymentPostprocessing = 0;
			shellPath = /bin/sh;
			shellScript = "\"${PODS_ROOT}/Target Support Files/Pods-SendbirdChatPrac/Pods-SendbirdChatPrac-frameworks.sh\"\n";
			showEnvVarsInLog = 0;
		};
		71E0CB498A0C5FE63B97B76E /* [CP] Check Pods Manifest.lock */ = {
			isa = PBXShellScriptBuildPhase;
			buildActionMask = 2147483647;
			files = (
			);
			inputFileListPaths = (
			);
			inputPaths = (
				"${PODS_PODFILE_DIR_PATH}/Podfile.lock",
				"${PODS_ROOT}/Manifest.lock",
			);
			name = "[CP] Check Pods Manifest.lock";
			outputFileListPaths = (
			);
			outputPaths = (
				"$(DERIVED_FILE_DIR)/Pods-SendbirdChatPrac-checkManifestLockResult.txt",
			);
			runOnlyForDeploymentPostprocessing = 0;
			shellPath = /bin/sh;
			shellScript = "diff \"${PODS_PODFILE_DIR_PATH}/Podfile.lock\" \"${PODS_ROOT}/Manifest.lock\" > /dev/null\nif [ $? != 0 ] ; then\n    # print error to STDERR\n    echo \"error: The sandbox is not in sync with the Podfile.lock. Run 'pod install' or update your CocoaPods installation.\" >&2\n    exit 1\nfi\n# This output is used by Xcode 'outputs' to avoid re-running this script phase.\necho \"SUCCESS\" > \"${SCRIPT_OUTPUT_FILE_0}\"\n";
			showEnvVarsInLog = 0;
		};
/* End PBXShellScriptBuildPhase section */

/* Begin PBXSourcesBuildPhase section */
		1AFB6CEF27E40E1100B9D0A9 /* Sources */ = {
			isa = PBXSourcesBuildPhase;
			buildActionMask = 2147483647;
			files = (
				1A085CB427E4515B0010E630 /* ContentViewModel.swift in Sources */,
				1A085CAF27E42EA40010E630 /* ImagePicker.swift in Sources */,
				1AFB6CF927E40E1100B9D0A9 /* ContentView.swift in Sources */,
				1AE7B53927ED438600222FCF /* Chat+ResponseData.swift in Sources */,
				1AE7B53E27ED4C9500222FCF /* ItemViewViewModel.swift in Sources */,
				1AFB6CF727E40E1100B9D0A9 /* SendbirdChatPracApp.swift in Sources */,
				1AE7B53C27ED4C7000222FCF /* ItemInfoView.swift in Sources */,
			);
			runOnlyForDeploymentPostprocessing = 0;
		};
/* End PBXSourcesBuildPhase section */

/* Begin XCBuildConfiguration section */
		1AFB6CFF27E40E1300B9D0A9 /* Debug */ = {
			isa = XCBuildConfiguration;
			buildSettings = {
				ALWAYS_SEARCH_USER_PATHS = NO;
				CLANG_ANALYZER_NONNULL = YES;
				CLANG_ANALYZER_NUMBER_OBJECT_CONVERSION = YES_AGGRESSIVE;
				CLANG_CXX_LANGUAGE_STANDARD = "gnu++17";
				CLANG_ENABLE_MODULES = YES;
				CLANG_ENABLE_OBJC_ARC = YES;
				CLANG_ENABLE_OBJC_WEAK = YES;
				CLANG_WARN_BLOCK_CAPTURE_AUTORELEASING = YES;
				CLANG_WARN_BOOL_CONVERSION = YES;
				CLANG_WARN_COMMA = YES;
				CLANG_WARN_CONSTANT_CONVERSION = YES;
				CLANG_WARN_DEPRECATED_OBJC_IMPLEMENTATIONS = YES;
				CLANG_WARN_DIRECT_OBJC_ISA_USAGE = YES_ERROR;
				CLANG_WARN_DOCUMENTATION_COMMENTS = YES;
				CLANG_WARN_EMPTY_BODY = YES;
				CLANG_WARN_ENUM_CONVERSION = YES;
				CLANG_WARN_INFINITE_RECURSION = YES;
				CLANG_WARN_INT_CONVERSION = YES;
				CLANG_WARN_NON_LITERAL_NULL_CONVERSION = YES;
				CLANG_WARN_OBJC_IMPLICIT_RETAIN_SELF = YES;
				CLANG_WARN_OBJC_LITERAL_CONVERSION = YES;
				CLANG_WARN_OBJC_ROOT_CLASS = YES_ERROR;
				CLANG_WARN_QUOTED_INCLUDE_IN_FRAMEWORK_HEADER = YES;
				CLANG_WARN_RANGE_LOOP_ANALYSIS = YES;
				CLANG_WARN_STRICT_PROTOTYPES = YES;
				CLANG_WARN_SUSPICIOUS_MOVE = YES;
				CLANG_WARN_UNGUARDED_AVAILABILITY = YES_AGGRESSIVE;
				CLANG_WARN_UNREACHABLE_CODE = YES;
				CLANG_WARN__DUPLICATE_METHOD_MATCH = YES;
				COPY_PHASE_STRIP = NO;
				DEBUG_INFORMATION_FORMAT = dwarf;
				ENABLE_STRICT_OBJC_MSGSEND = YES;
				ENABLE_TESTABILITY = YES;
				GCC_C_LANGUAGE_STANDARD = gnu11;
				GCC_DYNAMIC_NO_PIC = NO;
				GCC_NO_COMMON_BLOCKS = YES;
				GCC_OPTIMIZATION_LEVEL = 0;
				GCC_PREPROCESSOR_DEFINITIONS = (
					"DEBUG=1",
					"$(inherited)",
				);
				GCC_WARN_64_TO_32_BIT_CONVERSION = YES;
				GCC_WARN_ABOUT_RETURN_TYPE = YES_ERROR;
				GCC_WARN_UNDECLARED_SELECTOR = YES;
				GCC_WARN_UNINITIALIZED_AUTOS = YES_AGGRESSIVE;
				GCC_WARN_UNUSED_FUNCTION = YES;
				GCC_WARN_UNUSED_VARIABLE = YES;
				IPHONEOS_DEPLOYMENT_TARGET = 15.4;
				MTL_ENABLE_DEBUG_INFO = INCLUDE_SOURCE;
				MTL_FAST_MATH = YES;
				ONLY_ACTIVE_ARCH = YES;
				SDKROOT = iphoneos;
				SWIFT_ACTIVE_COMPILATION_CONDITIONS = DEBUG;
				SWIFT_OPTIMIZATION_LEVEL = "-Onone";
			};
			name = Debug;
		};
		1AFB6D0027E40E1300B9D0A9 /* Release */ = {
			isa = XCBuildConfiguration;
			buildSettings = {
				ALWAYS_SEARCH_USER_PATHS = NO;
				CLANG_ANALYZER_NONNULL = YES;
				CLANG_ANALYZER_NUMBER_OBJECT_CONVERSION = YES_AGGRESSIVE;
				CLANG_CXX_LANGUAGE_STANDARD = "gnu++17";
				CLANG_ENABLE_MODULES = YES;
				CLANG_ENABLE_OBJC_ARC = YES;
				CLANG_ENABLE_OBJC_WEAK = YES;
				CLANG_WARN_BLOCK_CAPTURE_AUTORELEASING = YES;
				CLANG_WARN_BOOL_CONVERSION = YES;
				CLANG_WARN_COMMA = YES;
				CLANG_WARN_CONSTANT_CONVERSION = YES;
				CLANG_WARN_DEPRECATED_OBJC_IMPLEMENTATIONS = YES;
				CLANG_WARN_DIRECT_OBJC_ISA_USAGE = YES_ERROR;
				CLANG_WARN_DOCUMENTATION_COMMENTS = YES;
				CLANG_WARN_EMPTY_BODY = YES;
				CLANG_WARN_ENUM_CONVERSION = YES;
				CLANG_WARN_INFINITE_RECURSION = YES;
				CLANG_WARN_INT_CONVERSION = YES;
				CLANG_WARN_NON_LITERAL_NULL_CONVERSION = YES;
				CLANG_WARN_OBJC_IMPLICIT_RETAIN_SELF = YES;
				CLANG_WARN_OBJC_LITERAL_CONVERSION = YES;
				CLANG_WARN_OBJC_ROOT_CLASS = YES_ERROR;
				CLANG_WARN_QUOTED_INCLUDE_IN_FRAMEWORK_HEADER = YES;
				CLANG_WARN_RANGE_LOOP_ANALYSIS = YES;
				CLANG_WARN_STRICT_PROTOTYPES = YES;
				CLANG_WARN_SUSPICIOUS_MOVE = YES;
				CLANG_WARN_UNGUARDED_AVAILABILITY = YES_AGGRESSIVE;
				CLANG_WARN_UNREACHABLE_CODE = YES;
				CLANG_WARN__DUPLICATE_METHOD_MATCH = YES;
				COPY_PHASE_STRIP = NO;
				DEBUG_INFORMATION_FORMAT = "dwarf-with-dsym";
				ENABLE_NS_ASSERTIONS = NO;
				ENABLE_STRICT_OBJC_MSGSEND = YES;
				GCC_C_LANGUAGE_STANDARD = gnu11;
				GCC_NO_COMMON_BLOCKS = YES;
				GCC_WARN_64_TO_32_BIT_CONVERSION = YES;
				GCC_WARN_ABOUT_RETURN_TYPE = YES_ERROR;
				GCC_WARN_UNDECLARED_SELECTOR = YES;
				GCC_WARN_UNINITIALIZED_AUTOS = YES_AGGRESSIVE;
				GCC_WARN_UNUSED_FUNCTION = YES;
				GCC_WARN_UNUSED_VARIABLE = YES;
				IPHONEOS_DEPLOYMENT_TARGET = 15.4;
				MTL_ENABLE_DEBUG_INFO = NO;
				MTL_FAST_MATH = YES;
				SDKROOT = iphoneos;
				SWIFT_COMPILATION_MODE = wholemodule;
				SWIFT_OPTIMIZATION_LEVEL = "-O";
				VALIDATE_PRODUCT = YES;
			};
			name = Release;
		};
		1AFB6D0227E40E1300B9D0A9 /* Debug */ = {
			isa = XCBuildConfiguration;
			baseConfigurationReference = E9B8D44FC2D95B4230C06F00 /* Pods-SendbirdChatPrac.debug.xcconfig */;
			buildSettings = {
				ASSETCATALOG_COMPILER_APPICON_NAME = AppIcon;
				ASSETCATALOG_COMPILER_GLOBAL_ACCENT_COLOR_NAME = AccentColor;
				CODE_SIGN_STYLE = Automatic;
				CURRENT_PROJECT_VERSION = 1;
				DEVELOPMENT_ASSET_PATHS = "\"SendbirdChatPrac/Preview Content\"";
				DEVELOPMENT_TEAM = ZKRH5N6RGG;
				ENABLE_PREVIEWS = YES;
				GENERATE_INFOPLIST_FILE = YES;
				INFOPLIST_FILE = SendbirdChatPrac/Info.plist;
				INFOPLIST_KEY_UIApplicationSceneManifest_Generation = YES;
				INFOPLIST_KEY_UIApplicationSupportsIndirectInputEvents = YES;
				INFOPLIST_KEY_UILaunchScreen_Generation = YES;
				INFOPLIST_KEY_UISupportedInterfaceOrientations_iPad = "UIInterfaceOrientationPortrait UIInterfaceOrientationPortraitUpsideDown UIInterfaceOrientationLandscapeLeft UIInterfaceOrientationLandscapeRight";
				INFOPLIST_KEY_UISupportedInterfaceOrientations_iPhone = "UIInterfaceOrientationPortrait UIInterfaceOrientationLandscapeLeft UIInterfaceOrientationLandscapeRight";
				IPHONEOS_DEPLOYMENT_TARGET = 14.0;
				LD_RUNPATH_SEARCH_PATHS = (
					"$(inherited)",
					"@executable_path/Frameworks",
				);
				MARKETING_VERSION = 1.0;
				PRODUCT_BUNDLE_IDENTIFIER = personal.parkgyurim.development.SendbirdChatPrac;
				PRODUCT_NAME = "$(TARGET_NAME)";
				SWIFT_EMIT_LOC_STRINGS = YES;
				SWIFT_VERSION = 5.0;
				TARGETED_DEVICE_FAMILY = "1,2";
			};
			name = Debug;
		};
		1AFB6D0327E40E1300B9D0A9 /* Release */ = {
			isa = XCBuildConfiguration;
			baseConfigurationReference = E5C4DFD13467CDE514220C77 /* Pods-SendbirdChatPrac.release.xcconfig */;
			buildSettings = {
				ASSETCATALOG_COMPILER_APPICON_NAME = AppIcon;
				ASSETCATALOG_COMPILER_GLOBAL_ACCENT_COLOR_NAME = AccentColor;
				CODE_SIGN_STYLE = Automatic;
				CURRENT_PROJECT_VERSION = 1;
				DEVELOPMENT_ASSET_PATHS = "\"SendbirdChatPrac/Preview Content\"";
				DEVELOPMENT_TEAM = ZKRH5N6RGG;
				ENABLE_PREVIEWS = YES;
				GENERATE_INFOPLIST_FILE = YES;
				INFOPLIST_FILE = SendbirdChatPrac/Info.plist;
				INFOPLIST_KEY_UIApplicationSceneManifest_Generation = YES;
				INFOPLIST_KEY_UIApplicationSupportsIndirectInputEvents = YES;
				INFOPLIST_KEY_UILaunchScreen_Generation = YES;
				INFOPLIST_KEY_UISupportedInterfaceOrientations_iPad = "UIInterfaceOrientationPortrait UIInterfaceOrientationPortraitUpsideDown UIInterfaceOrientationLandscapeLeft UIInterfaceOrientationLandscapeRight";
				INFOPLIST_KEY_UISupportedInterfaceOrientations_iPhone = "UIInterfaceOrientationPortrait UIInterfaceOrientationLandscapeLeft UIInterfaceOrientationLandscapeRight";
				IPHONEOS_DEPLOYMENT_TARGET = 14.0;
				LD_RUNPATH_SEARCH_PATHS = (
					"$(inherited)",
					"@executable_path/Frameworks",
				);
				MARKETING_VERSION = 1.0;
				PRODUCT_BUNDLE_IDENTIFIER = personal.parkgyurim.development.SendbirdChatPrac;
				PRODUCT_NAME = "$(TARGET_NAME)";
				SWIFT_EMIT_LOC_STRINGS = YES;
				SWIFT_VERSION = 5.0;
				TARGETED_DEVICE_FAMILY = "1,2";
			};
			name = Release;
		};
/* End XCBuildConfiguration section */

/* Begin XCConfigurationList section */
		1AFB6CEE27E40E1100B9D0A9 /* Build configuration list for PBXProject "SendbirdChatPrac" */ = {
			isa = XCConfigurationList;
			buildConfigurations = (
				1AFB6CFF27E40E1300B9D0A9 /* Debug */,
				1AFB6D0027E40E1300B9D0A9 /* Release */,
			);
			defaultConfigurationIsVisible = 0;
			defaultConfigurationName = Release;
		};
		1AFB6D0127E40E1300B9D0A9 /* Build configuration list for PBXNativeTarget "SendbirdChatPrac" */ = {
			isa = XCConfigurationList;
			buildConfigurations = (
				1AFB6D0227E40E1300B9D0A9 /* Debug */,
				1AFB6D0327E40E1300B9D0A9 /* Release */,
			);
			defaultConfigurationIsVisible = 0;
			defaultConfigurationName = Release;
		};
/* End XCConfigurationList section */

/* Begin XCRemoteSwiftPackageReference section */
		1AE7B53027EA151800222FCF /* XCRemoteSwiftPackageReference "Kingfisher" */ = {
			isa = XCRemoteSwiftPackageReference;
			repositoryURL = "https://github.com/onevcat/Kingfisher.git";
			requirement = {
				kind = upToNextMajorVersion;
				minimumVersion = 7.0.0;
			};
		};
		1AE7B53527ED40FB00222FCF /* XCRemoteSwiftPackageReference "Alamofire" */ = {
			isa = XCRemoteSwiftPackageReference;
			repositoryURL = "https://github.com/Alamofire/Alamofire.git";
			requirement = {
				kind = exactVersion;
				version = 5.4.4;
			};
		};
/* End XCRemoteSwiftPackageReference section */

/* Begin XCSwiftPackageProductDependency section */
		1AE7B53127EA151900222FCF /* Kingfisher */ = {
			isa = XCSwiftPackageProductDependency;
			package = 1AE7B53027EA151800222FCF /* XCRemoteSwiftPackageReference "Kingfisher" */;
			productName = Kingfisher;
		};
		1AE7B53627ED40FC00222FCF /* Alamofire */ = {
			isa = XCSwiftPackageProductDependency;
			package = 1AE7B53527ED40FB00222FCF /* XCRemoteSwiftPackageReference "Alamofire" */;
			productName = Alamofire;
		};
/* End XCSwiftPackageProductDependency section */
	};
	rootObject = 1AFB6CEB27E40E1100B9D0A9 /* Project object */;
}
