// !$*UTF8*$!
{
	archiveVersion = 1;
	classes = {
	};
	objectVersion = 55;
	objects = {

/* Begin PBXBuildFile section */
		1A42C9EE27A3CBED00ACAEF6 /* NanuriApp.swift in Sources */ = {isa = PBXBuildFile; fileRef = 1A42C9ED27A3CBED00ACAEF6 /* NanuriApp.swift */; };
		1A42C9F027A3CBED00ACAEF6 /* ContentView.swift in Sources */ = {isa = PBXBuildFile; fileRef = 1A42C9EF27A3CBED00ACAEF6 /* ContentView.swift */; };
		1A42C9F227A3CBEE00ACAEF6 /* Assets.xcassets in Resources */ = {isa = PBXBuildFile; fileRef = 1A42C9F127A3CBEE00ACAEF6 /* Assets.xcassets */; };
		1A42C9F527A3CBEE00ACAEF6 /* Preview Assets.xcassets in Resources */ = {isa = PBXBuildFile; fileRef = 1A42C9F427A3CBEE00ACAEF6 /* Preview Assets.xcassets */; };
		1A42CA0027A3CD5D00ACAEF6 /* MyPageView.swift in Sources */ = {isa = PBXBuildFile; fileRef = 1A42C9FF27A3CD5D00ACAEF6 /* MyPageView.swift */; };
		1A42CA0227A3CD6300ACAEF6 /* ClassListView.swift in Sources */ = {isa = PBXBuildFile; fileRef = 1A42CA0127A3CD6300ACAEF6 /* ClassListView.swift */; };
		1A42CA0827A3DD3600ACAEF6 /* Color+Extension.swift in Sources */ = {isa = PBXBuildFile; fileRef = 1A42CA0727A3DD3600ACAEF6 /* Color+Extension.swift */; };
		1A42CA0A27A417C800ACAEF6 /* View+Extension.swift in Sources */ = {isa = PBXBuildFile; fileRef = 1A42CA0927A417C800ACAEF6 /* View+Extension.swift */; };
		1A42CA0D27A4199500ACAEF6 /* SwiftUIPullToRefresh in Frameworks */ = {isa = PBXBuildFile; productRef = 1A42CA0C27A4199500ACAEF6 /* SwiftUIPullToRefresh */; };
		1A42CA0F27A429F500ACAEF6 /* ClassInfoView.swift in Sources */ = {isa = PBXBuildFile; fileRef = 1A42CA0E27A429F500ACAEF6 /* ClassInfoView.swift */; };
/* End PBXBuildFile section */

/* Begin PBXFileReference section */
		1A42C9EA27A3CBED00ACAEF6 /* Nanuri.app */ = {isa = PBXFileReference; explicitFileType = wrapper.application; includeInIndex = 0; path = Nanuri.app; sourceTree = BUILT_PRODUCTS_DIR; };
		1A42C9ED27A3CBED00ACAEF6 /* NanuriApp.swift */ = {isa = PBXFileReference; lastKnownFileType = sourcecode.swift; path = NanuriApp.swift; sourceTree = "<group>"; };
		1A42C9EF27A3CBED00ACAEF6 /* ContentView.swift */ = {isa = PBXFileReference; lastKnownFileType = sourcecode.swift; path = ContentView.swift; sourceTree = "<group>"; };
		1A42C9F127A3CBEE00ACAEF6 /* Assets.xcassets */ = {isa = PBXFileReference; lastKnownFileType = folder.assetcatalog; path = Assets.xcassets; sourceTree = "<group>"; };
		1A42C9F427A3CBEE00ACAEF6 /* Preview Assets.xcassets */ = {isa = PBXFileReference; lastKnownFileType = folder.assetcatalog; path = "Preview Assets.xcassets"; sourceTree = "<group>"; };
		1A42C9FF27A3CD5D00ACAEF6 /* MyPageView.swift */ = {isa = PBXFileReference; lastKnownFileType = sourcecode.swift; path = MyPageView.swift; sourceTree = "<group>"; };
		1A42CA0127A3CD6300ACAEF6 /* ClassListView.swift */ = {isa = PBXFileReference; lastKnownFileType = sourcecode.swift; path = ClassListView.swift; sourceTree = "<group>"; };
		1A42CA0727A3DD3600ACAEF6 /* Color+Extension.swift */ = {isa = PBXFileReference; lastKnownFileType = sourcecode.swift; path = "Color+Extension.swift"; sourceTree = "<group>"; };
		1A42CA0927A417C800ACAEF6 /* View+Extension.swift */ = {isa = PBXFileReference; lastKnownFileType = sourcecode.swift; path = "View+Extension.swift"; sourceTree = "<group>"; };
		1A42CA0E27A429F500ACAEF6 /* ClassInfoView.swift */ = {isa = PBXFileReference; lastKnownFileType = sourcecode.swift; path = ClassInfoView.swift; sourceTree = "<group>"; };
/* End PBXFileReference section */

/* Begin PBXFrameworksBuildPhase section */
		1A42C9E727A3CBED00ACAEF6 /* Frameworks */ = {
			isa = PBXFrameworksBuildPhase;
			buildActionMask = 2147483647;
			files = (
				1A42CA0D27A4199500ACAEF6 /* SwiftUIPullToRefresh in Frameworks */,
			);
			runOnlyForDeploymentPostprocessing = 0;
		};
/* End PBXFrameworksBuildPhase section */

/* Begin PBXGroup section */
		1A42C9E127A3CBED00ACAEF6 = {
			isa = PBXGroup;
			children = (
				1A42C9EC27A3CBED00ACAEF6 /* Nanuri */,
				1A42C9EB27A3CBED00ACAEF6 /* Products */,
			);
			sourceTree = "<group>";
		};
		1A42C9EB27A3CBED00ACAEF6 /* Products */ = {
			isa = PBXGroup;
			children = (
				1A42C9EA27A3CBED00ACAEF6 /* Nanuri.app */,
			);
			name = Products;
			sourceTree = "<group>";
		};
		1A42C9EC27A3CBED00ACAEF6 /* Nanuri */ = {
			isa = PBXGroup;
			children = (
				1A42C9ED27A3CBED00ACAEF6 /* NanuriApp.swift */,
				1A42CA0627A3DD2A00ACAEF6 /* Extension */,
				1A42CA0327A3CD6900ACAEF6 /* Views */,
				1A42C9F127A3CBEE00ACAEF6 /* Assets.xcassets */,
				1A42C9F327A3CBEE00ACAEF6 /* Preview Content */,
			);
			path = Nanuri;
			sourceTree = "<group>";
		};
		1A42C9F327A3CBEE00ACAEF6 /* Preview Content */ = {
			isa = PBXGroup;
			children = (
				1A42C9F427A3CBEE00ACAEF6 /* Preview Assets.xcassets */,
			);
			path = "Preview Content";
			sourceTree = "<group>";
		};
		1A42CA0327A3CD6900ACAEF6 /* Views */ = {
			isa = PBXGroup;
			children = (
				1A42C9EF27A3CBED00ACAEF6 /* ContentView.swift */,
				1A42CA0127A3CD6300ACAEF6 /* ClassListView.swift */,
				1A42C9FF27A3CD5D00ACAEF6 /* MyPageView.swift */,
				1A42CA0E27A429F500ACAEF6 /* ClassInfoView.swift */,
			);
			path = Views;
			sourceTree = "<group>";
		};
		1A42CA0627A3DD2A00ACAEF6 /* Extension */ = {
			isa = PBXGroup;
			children = (
				1A42CA0727A3DD3600ACAEF6 /* Color+Extension.swift */,
				1A42CA0927A417C800ACAEF6 /* View+Extension.swift */,
			);
			path = Extension;
			sourceTree = "<group>";
		};
/* End PBXGroup section */

/* Begin PBXNativeTarget section */
		1A42C9E927A3CBED00ACAEF6 /* Nanuri */ = {
			isa = PBXNativeTarget;
			buildConfigurationList = 1A42C9F827A3CBEE00ACAEF6 /* Build configuration list for PBXNativeTarget "Nanuri" */;
			buildPhases = (
				1A42C9E627A3CBED00ACAEF6 /* Sources */,
				1A42C9E727A3CBED00ACAEF6 /* Frameworks */,
				1A42C9E827A3CBED00ACAEF6 /* Resources */,
			);
			buildRules = (
			);
			dependencies = (
			);
			name = Nanuri;
			packageProductDependencies = (
				1A42CA0C27A4199500ACAEF6 /* SwiftUIPullToRefresh */,
			);
			productName = Nanuri;
			productReference = 1A42C9EA27A3CBED00ACAEF6 /* Nanuri.app */;
			productType = "com.apple.product-type.application";
		};
/* End PBXNativeTarget section */

/* Begin PBXProject section */
		1A42C9E227A3CBED00ACAEF6 /* Project object */ = {
			isa = PBXProject;
			attributes = {
				BuildIndependentTargetsInParallel = 1;
				LastSwiftUpdateCheck = 1320;
				LastUpgradeCheck = 1320;
				TargetAttributes = {
					1A42C9E927A3CBED00ACAEF6 = {
						CreatedOnToolsVersion = 13.2.1;
					};
				};
			};
			buildConfigurationList = 1A42C9E527A3CBED00ACAEF6 /* Build configuration list for PBXProject "Nanuri" */;
			compatibilityVersion = "Xcode 13.0";
			developmentRegion = en;
			hasScannedForEncodings = 0;
			knownRegions = (
				en,
				Base,
			);
			mainGroup = 1A42C9E127A3CBED00ACAEF6;
			packageReferences = (
				1A42CA0B27A4199500ACAEF6 /* XCRemoteSwiftPackageReference "swiftui-pull-to-refresh" */,
			);
			productRefGroup = 1A42C9EB27A3CBED00ACAEF6 /* Products */;
			projectDirPath = "";
			projectRoot = "";
			targets = (
				1A42C9E927A3CBED00ACAEF6 /* Nanuri */,
			);
		};
/* End PBXProject section */

/* Begin PBXResourcesBuildPhase section */
		1A42C9E827A3CBED00ACAEF6 /* Resources */ = {
			isa = PBXResourcesBuildPhase;
			buildActionMask = 2147483647;
			files = (
				1A42C9F527A3CBEE00ACAEF6 /* Preview Assets.xcassets in Resources */,
				1A42C9F227A3CBEE00ACAEF6 /* Assets.xcassets in Resources */,
			);
			runOnlyForDeploymentPostprocessing = 0;
		};
/* End PBXResourcesBuildPhase section */

/* Begin PBXSourcesBuildPhase section */
		1A42C9E627A3CBED00ACAEF6 /* Sources */ = {
			isa = PBXSourcesBuildPhase;
			buildActionMask = 2147483647;
			files = (
				1A42CA0827A3DD3600ACAEF6 /* Color+Extension.swift in Sources */,
				1A42CA0F27A429F500ACAEF6 /* ClassInfoView.swift in Sources */,
				1A42C9F027A3CBED00ACAEF6 /* ContentView.swift in Sources */,
				1A42C9EE27A3CBED00ACAEF6 /* NanuriApp.swift in Sources */,
				1A42CA0027A3CD5D00ACAEF6 /* MyPageView.swift in Sources */,
				1A42CA0A27A417C800ACAEF6 /* View+Extension.swift in Sources */,
				1A42CA0227A3CD6300ACAEF6 /* ClassListView.swift in Sources */,
			);
			runOnlyForDeploymentPostprocessing = 0;
		};
/* End PBXSourcesBuildPhase section */

/* Begin XCBuildConfiguration section */
		1A42C9F627A3CBEE00ACAEF6 /* Debug */ = {
			isa = XCBuildConfiguration;
			buildSettings = {
				ALWAYS_SEARCH_USER_PATHS = NO;
				CLANG_ANALYZER_NONNULL = YES;
				CLANG_ANALYZER_NUMBER_OBJECT_CONVERSION = YES_AGGRESSIVE;
				CLANG_CXX_LANGUAGE_STANDARD = "gnu++17";
				CLANG_CXX_LIBRARY = "libc++";
				CLANG_ENABLE_MODULES = YES;
				CLANG_ENABLE_OBJC_ARC = YES;
				CLANG_ENABLE_OBJC_WEAK = YES;
				CLANG_WARN_BLOCK_CAPTURE_AUTORELEASING = YES;
				CLANG_WARN_BOOL_CONVERSION = YES;
				CLANG_WARN_COMMA = YES;
				CLANG_WARN_CONSTANT_CONVERSION = YES;
				CLANG_WARN_DEPRECATED_OBJC_IMPLEMENTATIONS = YES;
				CLANG_WARN_DIRECT_OBJC_ISA_USAGE = YES_ERROR;
				CLANG_WARN_DOCUMENTATION_COMMENTS = YES;
				CLANG_WARN_EMPTY_BODY = YES;
				CLANG_WARN_ENUM_CONVERSION = YES;
				CLANG_WARN_INFINITE_RECURSION = YES;
				CLANG_WARN_INT_CONVERSION = YES;
				CLANG_WARN_NON_LITERAL_NULL_CONVERSION = YES;
				CLANG_WARN_OBJC_IMPLICIT_RETAIN_SELF = YES;
				CLANG_WARN_OBJC_LITERAL_CONVERSION = YES;
				CLANG_WARN_OBJC_ROOT_CLASS = YES_ERROR;
				CLANG_WARN_QUOTED_INCLUDE_IN_FRAMEWORK_HEADER = YES;
				CLANG_WARN_RANGE_LOOP_ANALYSIS = YES;
				CLANG_WARN_STRICT_PROTOTYPES = YES;
				CLANG_WARN_SUSPICIOUS_MOVE = YES;
				CLANG_WARN_UNGUARDED_AVAILABILITY = YES_AGGRESSIVE;
				CLANG_WARN_UNREACHABLE_CODE = YES;
				CLANG_WARN__DUPLICATE_METHOD_MATCH = YES;
				COPY_PHASE_STRIP = NO;
				DEBUG_INFORMATION_FORMAT = dwarf;
				ENABLE_STRICT_OBJC_MSGSEND = YES;
				ENABLE_TESTABILITY = YES;
				GCC_C_LANGUAGE_STANDARD = gnu11;
				GCC_DYNAMIC_NO_PIC = NO;
				GCC_NO_COMMON_BLOCKS = YES;
				GCC_OPTIMIZATION_LEVEL = 0;
				GCC_PREPROCESSOR_DEFINITIONS = (
					"DEBUG=1",
					"$(inherited)",
				);
				GCC_WARN_64_TO_32_BIT_CONVERSION = YES;
				GCC_WARN_ABOUT_RETURN_TYPE = YES_ERROR;
				GCC_WARN_UNDECLARED_SELECTOR = YES;
				GCC_WARN_UNINITIALIZED_AUTOS = YES_AGGRESSIVE;
				GCC_WARN_UNUSED_FUNCTION = YES;
				GCC_WARN_UNUSED_VARIABLE = YES;
				IPHONEOS_DEPLOYMENT_TARGET = 15.2;
				MTL_ENABLE_DEBUG_INFO = INCLUDE_SOURCE;
				MTL_FAST_MATH = YES;
				ONLY_ACTIVE_ARCH = YES;
				SDKROOT = iphoneos;
				SWIFT_ACTIVE_COMPILATION_CONDITIONS = DEBUG;
				SWIFT_OPTIMIZATION_LEVEL = "-Onone";
			};
			name = Debug;
		};
		1A42C9F727A3CBEE00ACAEF6 /* Release */ = {
			isa = XCBuildConfiguration;
			buildSettings = {
				ALWAYS_SEARCH_USER_PATHS = NO;
				CLANG_ANALYZER_NONNULL = YES;
				CLANG_ANALYZER_NUMBER_OBJECT_CONVERSION = YES_AGGRESSIVE;
				CLANG_CXX_LANGUAGE_STANDARD = "gnu++17";
				CLANG_CXX_LIBRARY = "libc++";
				CLANG_ENABLE_MODULES = YES;
				CLANG_ENABLE_OBJC_ARC = YES;
				CLANG_ENABLE_OBJC_WEAK = YES;
				CLANG_WARN_BLOCK_CAPTURE_AUTORELEASING = YES;
				CLANG_WARN_BOOL_CONVERSION = YES;
				CLANG_WARN_COMMA = YES;
				CLANG_WARN_CONSTANT_CONVERSION = YES;
				CLANG_WARN_DEPRECATED_OBJC_IMPLEMENTATIONS = YES;
				CLANG_WARN_DIRECT_OBJC_ISA_USAGE = YES_ERROR;
				CLANG_WARN_DOCUMENTATION_COMMENTS = YES;
				CLANG_WARN_EMPTY_BODY = YES;
				CLANG_WARN_ENUM_CONVERSION = YES;
				CLANG_WARN_INFINITE_RECURSION = YES;
				CLANG_WARN_INT_CONVERSION = YES;
				CLANG_WARN_NON_LITERAL_NULL_CONVERSION = YES;
				CLANG_WARN_OBJC_IMPLICIT_RETAIN_SELF = YES;
				CLANG_WARN_OBJC_LITERAL_CONVERSION = YES;
				CLANG_WARN_OBJC_ROOT_CLASS = YES_ERROR;
				CLANG_WARN_QUOTED_INCLUDE_IN_FRAMEWORK_HEADER = YES;
				CLANG_WARN_RANGE_LOOP_ANALYSIS = YES;
				CLANG_WARN_STRICT_PROTOTYPES = YES;
				CLANG_WARN_SUSPICIOUS_MOVE = YES;
				CLANG_WARN_UNGUARDED_AVAILABILITY = YES_AGGRESSIVE;
				CLANG_WARN_UNREACHABLE_CODE = YES;
				CLANG_WARN__DUPLICATE_METHOD_MATCH = YES;
				COPY_PHASE_STRIP = NO;
				DEBUG_INFORMATION_FORMAT = "dwarf-with-dsym";
				ENABLE_NS_ASSERTIONS = NO;
				ENABLE_STRICT_OBJC_MSGSEND = YES;
				GCC_C_LANGUAGE_STANDARD = gnu11;
				GCC_NO_COMMON_BLOCKS = YES;
				GCC_WARN_64_TO_32_BIT_CONVERSION = YES;
				GCC_WARN_ABOUT_RETURN_TYPE = YES_ERROR;
				GCC_WARN_UNDECLARED_SELECTOR = YES;
				GCC_WARN_UNINITIALIZED_AUTOS = YES_AGGRESSIVE;
				GCC_WARN_UNUSED_FUNCTION = YES;
				GCC_WARN_UNUSED_VARIABLE = YES;
				IPHONEOS_DEPLOYMENT_TARGET = 15.2;
				MTL_ENABLE_DEBUG_INFO = NO;
				MTL_FAST_MATH = YES;
				SDKROOT = iphoneos;
				SWIFT_COMPILATION_MODE = wholemodule;
				SWIFT_OPTIMIZATION_LEVEL = "-O";
				VALIDATE_PRODUCT = YES;
			};
			name = Release;
		};
		1A42C9F927A3CBEE00ACAEF6 /* Debug */ = {
			isa = XCBuildConfiguration;
			buildSettings = {
				ASSETCATALOG_COMPILER_APPICON_NAME = AppIcon;
				ASSETCATALOG_COMPILER_GLOBAL_ACCENT_COLOR_NAME = AccentColor;
				CODE_SIGN_STYLE = Automatic;
				CURRENT_PROJECT_VERSION = 1;
				DEVELOPMENT_ASSET_PATHS = "\"Nanuri/Preview Content\"";
				DEVELOPMENT_TEAM = ZKRH5N6RGG;
				ENABLE_PREVIEWS = YES;
				GENERATE_INFOPLIST_FILE = YES;
				INFOPLIST_KEY_UIApplicationSceneManifest_Generation = YES;
				INFOPLIST_KEY_UIApplicationSupportsIndirectInputEvents = YES;
				INFOPLIST_KEY_UILaunchScreen_Generation = YES;
				INFOPLIST_KEY_UISupportedInterfaceOrientations_iPad = "UIInterfaceOrientationPortrait UIInterfaceOrientationPortraitUpsideDown UIInterfaceOrientationLandscapeLeft UIInterfaceOrientationLandscapeRight";
				INFOPLIST_KEY_UISupportedInterfaceOrientations_iPhone = "UIInterfaceOrientationPortrait UIInterfaceOrientationLandscapeLeft UIInterfaceOrientationLandscapeRight";
				LD_RUNPATH_SEARCH_PATHS = (
					"$(inherited)",
					"@executable_path/Frameworks",
				);
				MARKETING_VERSION = 1.0;
				PRODUCT_BUNDLE_IDENTIFIER = personal.parkgyurim.development.Nanuri;
				PRODUCT_NAME = "$(TARGET_NAME)";
				SWIFT_EMIT_LOC_STRINGS = YES;
				SWIFT_VERSION = 5.0;
				TARGETED_DEVICE_FAMILY = "1,2";
			};
			name = Debug;
		};
		1A42C9FA27A3CBEE00ACAEF6 /* Release */ = {
			isa = XCBuildConfiguration;
			buildSettings = {
				ASSETCATALOG_COMPILER_APPICON_NAME = AppIcon;
				ASSETCATALOG_COMPILER_GLOBAL_ACCENT_COLOR_NAME = AccentColor;
				CODE_SIGN_STYLE = Automatic;
				CURRENT_PROJECT_VERSION = 1;
				DEVELOPMENT_ASSET_PATHS = "\"Nanuri/Preview Content\"";
				DEVELOPMENT_TEAM = ZKRH5N6RGG;
				ENABLE_PREVIEWS = YES;
				GENERATE_INFOPLIST_FILE = YES;
				INFOPLIST_KEY_UIApplicationSceneManifest_Generation = YES;
				INFOPLIST_KEY_UIApplicationSupportsIndirectInputEvents = YES;
				INFOPLIST_KEY_UILaunchScreen_Generation = YES;
				INFOPLIST_KEY_UISupportedInterfaceOrientations_iPad = "UIInterfaceOrientationPortrait UIInterfaceOrientationPortraitUpsideDown UIInterfaceOrientationLandscapeLeft UIInterfaceOrientationLandscapeRight";
				INFOPLIST_KEY_UISupportedInterfaceOrientations_iPhone = "UIInterfaceOrientationPortrait UIInterfaceOrientationLandscapeLeft UIInterfaceOrientationLandscapeRight";
				LD_RUNPATH_SEARCH_PATHS = (
					"$(inherited)",
					"@executable_path/Frameworks",
				);
				MARKETING_VERSION = 1.0;
				PRODUCT_BUNDLE_IDENTIFIER = personal.parkgyurim.development.Nanuri;
				PRODUCT_NAME = "$(TARGET_NAME)";
				SWIFT_EMIT_LOC_STRINGS = YES;
				SWIFT_VERSION = 5.0;
				TARGETED_DEVICE_FAMILY = "1,2";
			};
			name = Release;
		};
/* End XCBuildConfiguration section */

/* Begin XCConfigurationList section */
		1A42C9E527A3CBED00ACAEF6 /* Build configuration list for PBXProject "Nanuri" */ = {
			isa = XCConfigurationList;
			buildConfigurations = (
				1A42C9F627A3CBEE00ACAEF6 /* Debug */,
				1A42C9F727A3CBEE00ACAEF6 /* Release */,
			);
			defaultConfigurationIsVisible = 0;
			defaultConfigurationName = Release;
		};
		1A42C9F827A3CBEE00ACAEF6 /* Build configuration list for PBXNativeTarget "Nanuri" */ = {
			isa = XCConfigurationList;
			buildConfigurations = (
				1A42C9F927A3CBEE00ACAEF6 /* Debug */,
				1A42C9FA27A3CBEE00ACAEF6 /* Release */,
			);
			defaultConfigurationIsVisible = 0;
			defaultConfigurationName = Release;
		};
/* End XCConfigurationList section */

/* Begin XCRemoteSwiftPackageReference section */
		1A42CA0B27A4199500ACAEF6 /* XCRemoteSwiftPackageReference "swiftui-pull-to-refresh" */ = {
			isa = XCRemoteSwiftPackageReference;
			repositoryURL = "https://github.com/globulus/swiftui-pull-to-refresh";
			requirement = {
				kind = upToNextMajorVersion;
				minimumVersion = 1.0.0;
			};
		};
/* End XCRemoteSwiftPackageReference section */

/* Begin XCSwiftPackageProductDependency section */
		1A42CA0C27A4199500ACAEF6 /* SwiftUIPullToRefresh */ = {
			isa = XCSwiftPackageProductDependency;
			package = 1A42CA0B27A4199500ACAEF6 /* XCRemoteSwiftPackageReference "swiftui-pull-to-refresh" */;
			productName = SwiftUIPullToRefresh;
		};
/* End XCSwiftPackageProductDependency section */
	};
	rootObject = 1A42C9E227A3CBED00ACAEF6 /* Project object */;
}
