// !$*UTF8*$!
{
	archiveVersion = 1;
	classes = {
	};
	objectVersion = 50;
	objects = {

/* Begin PBXBuildFile section */
		1AEB5BD626CE864900782C7C /* WalletApp.swift in Sources */ = {isa = PBXBuildFile; fileRef = 1AEB5BD526CE864900782C7C /* WalletApp.swift */; };
		1AEB5BD826CE864900782C7C /* ContentView.swift in Sources */ = {isa = PBXBuildFile; fileRef = 1AEB5BD726CE864900782C7C /* ContentView.swift */; };
		1AEB5BDA26CE864E00782C7C /* Assets.xcassets in Resources */ = {isa = PBXBuildFile; fileRef = 1AEB5BD926CE864E00782C7C /* Assets.xcassets */; };
		1AEB5BDD26CE864E00782C7C /* Preview Assets.xcassets in Resources */ = {isa = PBXBuildFile; fileRef = 1AEB5BDC26CE864E00782C7C /* Preview Assets.xcassets */; };
		1AEB5BE526CE866A00782C7C /* HeaderView.swift in Sources */ = {isa = PBXBuildFile; fileRef = 1AEB5BE426CE866A00782C7C /* HeaderView.swift */; };
		1AEB5BE726CE882B00782C7C /* CardListView.swift in Sources */ = {isa = PBXBuildFile; fileRef = 1AEB5BE626CE882B00782C7C /* CardListView.swift */; };
		1AEB5BE926CE884200782C7C /* Card.swift in Sources */ = {isa = PBXBuildFile; fileRef = 1AEB5BE826CE884200782C7C /* Card.swift */; };
		1AEB5BEB26CE89C800782C7C /* MockData.swift in Sources */ = {isa = PBXBuildFile; fileRef = 1AEB5BEA26CE89C800782C7C /* MockData.swift */; };
		1AEB5BED26CE9A4A00782C7C /* CardView.swift in Sources */ = {isa = PBXBuildFile; fileRef = 1AEB5BEC26CE9A4A00782C7C /* CardView.swift */; };
		1AEB5BEF26CE9BF300782C7C /* Color+Extension.swift in Sources */ = {isa = PBXBuildFile; fileRef = 1AEB5BEE26CE9BF300782C7C /* Color+Extension.swift */; };
		1AEB5BF126CEA2D500782C7C /* BalanceView.swift in Sources */ = {isa = PBXBuildFile; fileRef = 1AEB5BF026CEA2D500782C7C /* BalanceView.swift */; };
		1AEB5BF326CEA4D700782C7C /* HorizontalProgressView.swift in Sources */ = {isa = PBXBuildFile; fileRef = 1AEB5BF226CEA4D700782C7C /* HorizontalProgressView.swift */; };
		1AEB5BF526CEB5E900782C7C /* TransferMoneyView.swift in Sources */ = {isa = PBXBuildFile; fileRef = 1AEB5BF426CEB5E900782C7C /* TransferMoneyView.swift */; };
/* End PBXBuildFile section */

/* Begin PBXFileReference section */
		1AEB5BD226CE864900782C7C /* Wallet.app */ = {isa = PBXFileReference; explicitFileType = wrapper.application; includeInIndex = 0; path = Wallet.app; sourceTree = BUILT_PRODUCTS_DIR; };
		1AEB5BD526CE864900782C7C /* WalletApp.swift */ = {isa = PBXFileReference; lastKnownFileType = sourcecode.swift; path = WalletApp.swift; sourceTree = "<group>"; };
		1AEB5BD726CE864900782C7C /* ContentView.swift */ = {isa = PBXFileReference; lastKnownFileType = sourcecode.swift; path = ContentView.swift; sourceTree = "<group>"; };
		1AEB5BD926CE864E00782C7C /* Assets.xcassets */ = {isa = PBXFileReference; lastKnownFileType = folder.assetcatalog; path = Assets.xcassets; sourceTree = "<group>"; };
		1AEB5BDC26CE864E00782C7C /* Preview Assets.xcassets */ = {isa = PBXFileReference; lastKnownFileType = folder.assetcatalog; path = "Preview Assets.xcassets"; sourceTree = "<group>"; };
		1AEB5BDE26CE864E00782C7C /* Info.plist */ = {isa = PBXFileReference; lastKnownFileType = text.plist.xml; path = Info.plist; sourceTree = "<group>"; };
		1AEB5BE426CE866A00782C7C /* HeaderView.swift */ = {isa = PBXFileReference; lastKnownFileType = sourcecode.swift; path = HeaderView.swift; sourceTree = "<group>"; };
		1AEB5BE626CE882B00782C7C /* CardListView.swift */ = {isa = PBXFileReference; lastKnownFileType = sourcecode.swift; path = CardListView.swift; sourceTree = "<group>"; };
		1AEB5BE826CE884200782C7C /* Card.swift */ = {isa = PBXFileReference; lastKnownFileType = sourcecode.swift; path = Card.swift; sourceTree = "<group>"; };
		1AEB5BEA26CE89C800782C7C /* MockData.swift */ = {isa = PBXFileReference; lastKnownFileType = sourcecode.swift; path = MockData.swift; sourceTree = "<group>"; };
		1AEB5BEC26CE9A4A00782C7C /* CardView.swift */ = {isa = PBXFileReference; lastKnownFileType = sourcecode.swift; path = CardView.swift; sourceTree = "<group>"; };
		1AEB5BEE26CE9BF300782C7C /* Color+Extension.swift */ = {isa = PBXFileReference; lastKnownFileType = sourcecode.swift; path = "Color+Extension.swift"; sourceTree = "<group>"; };
		1AEB5BF026CEA2D500782C7C /* BalanceView.swift */ = {isa = PBXFileReference; lastKnownFileType = sourcecode.swift; path = BalanceView.swift; sourceTree = "<group>"; };
		1AEB5BF226CEA4D700782C7C /* HorizontalProgressView.swift */ = {isa = PBXFileReference; lastKnownFileType = sourcecode.swift; path = HorizontalProgressView.swift; sourceTree = "<group>"; };
		1AEB5BF426CEB5E900782C7C /* TransferMoneyView.swift */ = {isa = PBXFileReference; lastKnownFileType = sourcecode.swift; path = TransferMoneyView.swift; sourceTree = "<group>"; };
/* End PBXFileReference section */

/* Begin PBXFrameworksBuildPhase section */
		1AEB5BCF26CE864900782C7C /* Frameworks */ = {
			isa = PBXFrameworksBuildPhase;
			buildActionMask = 2147483647;
			files = (
			);
			runOnlyForDeploymentPostprocessing = 0;
		};
/* End PBXFrameworksBuildPhase section */

/* Begin PBXGroup section */
		1AEB5BC926CE864800782C7C = {
			isa = PBXGroup;
			children = (
				1AEB5BD426CE864900782C7C /* Wallet */,
				1AEB5BD326CE864900782C7C /* Products */,
			);
			sourceTree = "<group>";
		};
		1AEB5BD326CE864900782C7C /* Products */ = {
			isa = PBXGroup;
			children = (
				1AEB5BD226CE864900782C7C /* Wallet.app */,
			);
			name = Products;
			sourceTree = "<group>";
		};
		1AEB5BD426CE864900782C7C /* Wallet */ = {
			isa = PBXGroup;
			children = (
				1AEB5BD526CE864900782C7C /* WalletApp.swift */,
				1AEB5BF226CEA4D700782C7C /* HorizontalProgressView.swift */,
				1AEB5BF026CEA2D500782C7C /* BalanceView.swift */,
				1AEB5BD726CE864900782C7C /* ContentView.swift */,
				1AEB5BF426CEB5E900782C7C /* TransferMoneyView.swift */,
				1AEB5BE626CE882B00782C7C /* CardListView.swift */,
				1AEB5BEC26CE9A4A00782C7C /* CardView.swift */,
				1AEB5BEE26CE9BF300782C7C /* Color+Extension.swift */,
				1AEB5BE826CE884200782C7C /* Card.swift */,
				1AEB5BD926CE864E00782C7C /* Assets.xcassets */,
				1AEB5BDE26CE864E00782C7C /* Info.plist */,
				1AEB5BDB26CE864E00782C7C /* Preview Content */,
				1AEB5BE426CE866A00782C7C /* HeaderView.swift */,
				1AEB5BEA26CE89C800782C7C /* MockData.swift */,
			);
			path = Wallet;
			sourceTree = "<group>";
		};
		1AEB5BDB26CE864E00782C7C /* Preview Content */ = {
			isa = PBXGroup;
			children = (
				1AEB5BDC26CE864E00782C7C /* Preview Assets.xcassets */,
			);
			path = "Preview Content";
			sourceTree = "<group>";
		};
/* End PBXGroup section */

/* Begin PBXNativeTarget section */
		1AEB5BD126CE864900782C7C /* Wallet */ = {
			isa = PBXNativeTarget;
			buildConfigurationList = 1AEB5BE126CE864E00782C7C /* Build configuration list for PBXNativeTarget "Wallet" */;
			buildPhases = (
				1AEB5BCE26CE864900782C7C /* Sources */,
				1AEB5BCF26CE864900782C7C /* Frameworks */,
				1AEB5BD026CE864900782C7C /* Resources */,
			);
			buildRules = (
			);
			dependencies = (
			);
			name = Wallet;
			productName = Wallet;
			productReference = 1AEB5BD226CE864900782C7C /* Wallet.app */;
			productType = "com.apple.product-type.application";
		};
/* End PBXNativeTarget section */

/* Begin PBXProject section */
		1AEB5BCA26CE864800782C7C /* Project object */ = {
			isa = PBXProject;
			attributes = {
				LastSwiftUpdateCheck = 1250;
				LastUpgradeCheck = 1250;
				TargetAttributes = {
					1AEB5BD126CE864900782C7C = {
						CreatedOnToolsVersion = 12.5.1;
					};
				};
			};
			buildConfigurationList = 1AEB5BCD26CE864800782C7C /* Build configuration list for PBXProject "Wallet" */;
			compatibilityVersion = "Xcode 9.3";
			developmentRegion = en;
			hasScannedForEncodings = 0;
			knownRegions = (
				en,
				Base,
			);
			mainGroup = 1AEB5BC926CE864800782C7C;
			productRefGroup = 1AEB5BD326CE864900782C7C /* Products */;
			projectDirPath = "";
			projectRoot = "";
			targets = (
				1AEB5BD126CE864900782C7C /* Wallet */,
			);
		};
/* End PBXProject section */

/* Begin PBXResourcesBuildPhase section */
		1AEB5BD026CE864900782C7C /* Resources */ = {
			isa = PBXResourcesBuildPhase;
			buildActionMask = 2147483647;
			files = (
				1AEB5BDD26CE864E00782C7C /* Preview Assets.xcassets in Resources */,
				1AEB5BDA26CE864E00782C7C /* Assets.xcassets in Resources */,
			);
			runOnlyForDeploymentPostprocessing = 0;
		};
/* End PBXResourcesBuildPhase section */

/* Begin PBXSourcesBuildPhase section */
		1AEB5BCE26CE864900782C7C /* Sources */ = {
			isa = PBXSourcesBuildPhase;
			buildActionMask = 2147483647;
			files = (
				1AEB5BED26CE9A4A00782C7C /* CardView.swift in Sources */,
				1AEB5BD826CE864900782C7C /* ContentView.swift in Sources */,
				1AEB5BEB26CE89C800782C7C /* MockData.swift in Sources */,
				1AEB5BE526CE866A00782C7C /* HeaderView.swift in Sources */,
				1AEB5BE926CE884200782C7C /* Card.swift in Sources */,
				1AEB5BF326CEA4D700782C7C /* HorizontalProgressView.swift in Sources */,
				1AEB5BE726CE882B00782C7C /* CardListView.swift in Sources */,
				1AEB5BF526CEB5E900782C7C /* TransferMoneyView.swift in Sources */,
				1AEB5BF126CEA2D500782C7C /* BalanceView.swift in Sources */,
				1AEB5BD626CE864900782C7C /* WalletApp.swift in Sources */,
				1AEB5BEF26CE9BF300782C7C /* Color+Extension.swift in Sources */,
			);
			runOnlyForDeploymentPostprocessing = 0;
		};
/* End PBXSourcesBuildPhase section */

/* Begin XCBuildConfiguration section */
		1AEB5BDF26CE864E00782C7C /* Debug */ = {
			isa = XCBuildConfiguration;
			buildSettings = {
				ALWAYS_SEARCH_USER_PATHS = NO;
				CLANG_ANALYZER_NONNULL = YES;
				CLANG_ANALYZER_NUMBER_OBJECT_CONVERSION = YES_AGGRESSIVE;
				CLANG_CXX_LANGUAGE_STANDARD = "gnu++14";
				CLANG_CXX_LIBRARY = "libc++";
				CLANG_ENABLE_MODULES = YES;
				CLANG_ENABLE_OBJC_ARC = YES;
				CLANG_ENABLE_OBJC_WEAK = YES;
				CLANG_WARN_BLOCK_CAPTURE_AUTORELEASING = YES;
				CLANG_WARN_BOOL_CONVERSION = YES;
				CLANG_WARN_COMMA = YES;
				CLANG_WARN_CONSTANT_CONVERSION = YES;
				CLANG_WARN_DEPRECATED_OBJC_IMPLEMENTATIONS = YES;
				CLANG_WARN_DIRECT_OBJC_ISA_USAGE = YES_ERROR;
				CLANG_WARN_DOCUMENTATION_COMMENTS = YES;
				CLANG_WARN_EMPTY_BODY = YES;
				CLANG_WARN_ENUM_CONVERSION = YES;
				CLANG_WARN_INFINITE_RECURSION = YES;
				CLANG_WARN_INT_CONVERSION = YES;
				CLANG_WARN_NON_LITERAL_NULL_CONVERSION = YES;
				CLANG_WARN_OBJC_IMPLICIT_RETAIN_SELF = YES;
				CLANG_WARN_OBJC_LITERAL_CONVERSION = YES;
				CLANG_WARN_OBJC_ROOT_CLASS = YES_ERROR;
				CLANG_WARN_QUOTED_INCLUDE_IN_FRAMEWORK_HEADER = YES;
				CLANG_WARN_RANGE_LOOP_ANALYSIS = YES;
				CLANG_WARN_STRICT_PROTOTYPES = YES;
				CLANG_WARN_SUSPICIOUS_MOVE = YES;
				CLANG_WARN_UNGUARDED_AVAILABILITY = YES_AGGRESSIVE;
				CLANG_WARN_UNREACHABLE_CODE = YES;
				CLANG_WARN__DUPLICATE_METHOD_MATCH = YES;
				COPY_PHASE_STRIP = NO;
				DEBUG_INFORMATION_FORMAT = dwarf;
				ENABLE_STRICT_OBJC_MSGSEND = YES;
				ENABLE_TESTABILITY = YES;
				GCC_C_LANGUAGE_STANDARD = gnu11;
				GCC_DYNAMIC_NO_PIC = NO;
				GCC_NO_COMMON_BLOCKS = YES;
				GCC_OPTIMIZATION_LEVEL = 0;
				GCC_PREPROCESSOR_DEFINITIONS = (
					"DEBUG=1",
					"$(inherited)",
				);
				GCC_WARN_64_TO_32_BIT_CONVERSION = YES;
				GCC_WARN_ABOUT_RETURN_TYPE = YES_ERROR;
				GCC_WARN_UNDECLARED_SELECTOR = YES;
				GCC_WARN_UNINITIALIZED_AUTOS = YES_AGGRESSIVE;
				GCC_WARN_UNUSED_FUNCTION = YES;
				GCC_WARN_UNUSED_VARIABLE = YES;
				IPHONEOS_DEPLOYMENT_TARGET = 14.5;
				MTL_ENABLE_DEBUG_INFO = INCLUDE_SOURCE;
				MTL_FAST_MATH = YES;
				ONLY_ACTIVE_ARCH = YES;
				SDKROOT = iphoneos;
				SWIFT_ACTIVE_COMPILATION_CONDITIONS = DEBUG;
				SWIFT_OPTIMIZATION_LEVEL = "-Onone";
			};
			name = Debug;
		};
		1AEB5BE026CE864E00782C7C /* Release */ = {
			isa = XCBuildConfiguration;
			buildSettings = {
				ALWAYS_SEARCH_USER_PATHS = NO;
				CLANG_ANALYZER_NONNULL = YES;
				CLANG_ANALYZER_NUMBER_OBJECT_CONVERSION = YES_AGGRESSIVE;
				CLANG_CXX_LANGUAGE_STANDARD = "gnu++14";
				CLANG_CXX_LIBRARY = "libc++";
				CLANG_ENABLE_MODULES = YES;
				CLANG_ENABLE_OBJC_ARC = YES;
				CLANG_ENABLE_OBJC_WEAK = YES;
				CLANG_WARN_BLOCK_CAPTURE_AUTORELEASING = YES;
				CLANG_WARN_BOOL_CONVERSION = YES;
				CLANG_WARN_COMMA = YES;
				CLANG_WARN_CONSTANT_CONVERSION = YES;
				CLANG_WARN_DEPRECATED_OBJC_IMPLEMENTATIONS = YES;
				CLANG_WARN_DIRECT_OBJC_ISA_USAGE = YES_ERROR;
				CLANG_WARN_DOCUMENTATION_COMMENTS = YES;
				CLANG_WARN_EMPTY_BODY = YES;
				CLANG_WARN_ENUM_CONVERSION = YES;
				CLANG_WARN_INFINITE_RECURSION = YES;
				CLANG_WARN_INT_CONVERSION = YES;
				CLANG_WARN_NON_LITERAL_NULL_CONVERSION = YES;
				CLANG_WARN_OBJC_IMPLICIT_RETAIN_SELF = YES;
				CLANG_WARN_OBJC_LITERAL_CONVERSION = YES;
				CLANG_WARN_OBJC_ROOT_CLASS = YES_ERROR;
				CLANG_WARN_QUOTED_INCLUDE_IN_FRAMEWORK_HEADER = YES;
				CLANG_WARN_RANGE_LOOP_ANALYSIS = YES;
				CLANG_WARN_STRICT_PROTOTYPES = YES;
				CLANG_WARN_SUSPICIOUS_MOVE = YES;
				CLANG_WARN_UNGUARDED_AVAILABILITY = YES_AGGRESSIVE;
				CLANG_WARN_UNREACHABLE_CODE = YES;
				CLANG_WARN__DUPLICATE_METHOD_MATCH = YES;
				COPY_PHASE_STRIP = NO;
				DEBUG_INFORMATION_FORMAT = "dwarf-with-dsym";
				ENABLE_NS_ASSERTIONS = NO;
				ENABLE_STRICT_OBJC_MSGSEND = YES;
				GCC_C_LANGUAGE_STANDARD = gnu11;
				GCC_NO_COMMON_BLOCKS = YES;
				GCC_WARN_64_TO_32_BIT_CONVERSION = YES;
				GCC_WARN_ABOUT_RETURN_TYPE = YES_ERROR;
				GCC_WARN_UNDECLARED_SELECTOR = YES;
				GCC_WARN_UNINITIALIZED_AUTOS = YES_AGGRESSIVE;
				GCC_WARN_UNUSED_FUNCTION = YES;
				GCC_WARN_UNUSED_VARIABLE = YES;
				IPHONEOS_DEPLOYMENT_TARGET = 14.5;
				MTL_ENABLE_DEBUG_INFO = NO;
				MTL_FAST_MATH = YES;
				SDKROOT = iphoneos;
				SWIFT_COMPILATION_MODE = wholemodule;
				SWIFT_OPTIMIZATION_LEVEL = "-O";
				VALIDATE_PRODUCT = YES;
			};
			name = Release;
		};
		1AEB5BE226CE864E00782C7C /* Debug */ = {
			isa = XCBuildConfiguration;
			buildSettings = {
				ASSETCATALOG_COMPILER_APPICON_NAME = AppIcon;
				ASSETCATALOG_COMPILER_GLOBAL_ACCENT_COLOR_NAME = AccentColor;
				CODE_SIGN_STYLE = Automatic;
				DEVELOPMENT_ASSET_PATHS = "\"Wallet/Preview Content\"";
				DEVELOPMENT_TEAM = ZKRH5N6RGG;
				ENABLE_PREVIEWS = YES;
				INFOPLIST_FILE = Wallet/Info.plist;
				IPHONEOS_DEPLOYMENT_TARGET = 14.0;
				LD_RUNPATH_SEARCH_PATHS = (
					"$(inherited)",
					"@executable_path/Frameworks",
				);
				PRODUCT_BUNDLE_IDENTIFIER = personal.parkgyurim.Wallet;
				PRODUCT_NAME = "$(TARGET_NAME)";
				SWIFT_VERSION = 5.0;
				TARGETED_DEVICE_FAMILY = "1,2";
			};
			name = Debug;
		};
		1AEB5BE326CE864E00782C7C /* Release */ = {
			isa = XCBuildConfiguration;
			buildSettings = {
				ASSETCATALOG_COMPILER_APPICON_NAME = AppIcon;
				ASSETCATALOG_COMPILER_GLOBAL_ACCENT_COLOR_NAME = AccentColor;
				CODE_SIGN_STYLE = Automatic;
				DEVELOPMENT_ASSET_PATHS = "\"Wallet/Preview Content\"";
				DEVELOPMENT_TEAM = ZKRH5N6RGG;
				ENABLE_PREVIEWS = YES;
				INFOPLIST_FILE = Wallet/Info.plist;
				IPHONEOS_DEPLOYMENT_TARGET = 14.0;
				LD_RUNPATH_SEARCH_PATHS = (
					"$(inherited)",
					"@executable_path/Frameworks",
				);
				PRODUCT_BUNDLE_IDENTIFIER = personal.parkgyurim.Wallet;
				PRODUCT_NAME = "$(TARGET_NAME)";
				SWIFT_VERSION = 5.0;
				TARGETED_DEVICE_FAMILY = "1,2";
			};
			name = Release;
		};
/* End XCBuildConfiguration section */

/* Begin XCConfigurationList section */
		1AEB5BCD26CE864800782C7C /* Build configuration list for PBXProject "Wallet" */ = {
			isa = XCConfigurationList;
			buildConfigurations = (
				1AEB5BDF26CE864E00782C7C /* Debug */,
				1AEB5BE026CE864E00782C7C /* Release */,
			);
			defaultConfigurationIsVisible = 0;
			defaultConfigurationName = Release;
		};
		1AEB5BE126CE864E00782C7C /* Build configuration list for PBXNativeTarget "Wallet" */ = {
			isa = XCConfigurationList;
			buildConfigurations = (
				1AEB5BE226CE864E00782C7C /* Debug */,
				1AEB5BE326CE864E00782C7C /* Release */,
			);
			defaultConfigurationIsVisible = 0;
			defaultConfigurationName = Release;
		};
/* End XCConfigurationList section */
	};
	rootObject = 1AEB5BCA26CE864800782C7C /* Project object */;
}
