// !$*UTF8*$!
{
	archiveVersion = 1;
	classes = {
	};
	objectVersion = 50;
	objects = {

/* Begin PBXBuildFile section */
		1AD9C147258F6EA0007B1515 /* app005App.swift in Sources */ = {isa = PBXBuildFile; fileRef = 1AD9C146258F6EA0007B1515 /* app005App.swift */; };
		1AD9C149258F6EA0007B1515 /* ContentView.swift in Sources */ = {isa = PBXBuildFile; fileRef = 1AD9C148258F6EA0007B1515 /* ContentView.swift */; };
		1AD9C14B258F6EA6007B1515 /* Assets.xcassets in Resources */ = {isa = PBXBuildFile; fileRef = 1AD9C14A258F6EA6007B1515 /* Assets.xcassets */; };
		1AD9C14E258F6EA6007B1515 /* Preview Assets.xcassets in Resources */ = {isa = PBXBuildFile; fileRef = 1AD9C14D258F6EA6007B1515 /* Preview Assets.xcassets */; };
		1AD9C15B258F73C0007B1515 /* myVstack.swift in Sources */ = {isa = PBXBuildFile; fileRef = 1AD9C15A258F73C0007B1515 /* myVstack.swift */; };
		1AD9C15E258F773C007B1515 /* myHstack.swift in Sources */ = {isa = PBXBuildFile; fileRef = 1AD9C15D258F773C007B1515 /* myHstack.swift */; };
		1AD9C161258F78AA007B1515 /* myZstack.swift in Sources */ = {isa = PBXBuildFile; fileRef = 1AD9C160258F78AA007B1515 /* myZstack.swift */; };
/* End PBXBuildFile section */

/* Begin PBXFileReference section */
		1AD9C143258F6EA0007B1515 /* app005.app */ = {isa = PBXFileReference; explicitFileType = wrapper.application; includeInIndex = 0; path = app005.app; sourceTree = BUILT_PRODUCTS_DIR; };
		1AD9C146258F6EA0007B1515 /* app005App.swift */ = {isa = PBXFileReference; lastKnownFileType = sourcecode.swift; path = app005App.swift; sourceTree = "<group>"; };
		1AD9C148258F6EA0007B1515 /* ContentView.swift */ = {isa = PBXFileReference; lastKnownFileType = sourcecode.swift; path = ContentView.swift; sourceTree = "<group>"; };
		1AD9C14A258F6EA6007B1515 /* Assets.xcassets */ = {isa = PBXFileReference; lastKnownFileType = folder.assetcatalog; path = Assets.xcassets; sourceTree = "<group>"; };
		1AD9C14D258F6EA6007B1515 /* Preview Assets.xcassets */ = {isa = PBXFileReference; lastKnownFileType = folder.assetcatalog; path = "Preview Assets.xcassets"; sourceTree = "<group>"; };
		1AD9C14F258F6EA6007B1515 /* Info.plist */ = {isa = PBXFileReference; lastKnownFileType = text.plist.xml; path = Info.plist; sourceTree = "<group>"; };
		1AD9C15A258F73C0007B1515 /* myVstack.swift */ = {isa = PBXFileReference; lastKnownFileType = sourcecode.swift; path = myVstack.swift; sourceTree = "<group>"; };
		1AD9C15D258F773C007B1515 /* myHstack.swift */ = {isa = PBXFileReference; lastKnownFileType = sourcecode.swift; path = myHstack.swift; sourceTree = "<group>"; };
		1AD9C160258F78AA007B1515 /* myZstack.swift */ = {isa = PBXFileReference; lastKnownFileType = sourcecode.swift; path = myZstack.swift; sourceTree = "<group>"; };
/* End PBXFileReference section */

/* Begin PBXFrameworksBuildPhase section */
		1AD9C140258F6EA0007B1515 /* Frameworks */ = {
			isa = PBXFrameworksBuildPhase;
			buildActionMask = 2147483647;
			files = (
			);
			runOnlyForDeploymentPostprocessing = 0;
		};
/* End PBXFrameworksBuildPhase section */

/* Begin PBXGroup section */
		1AD9C13A258F6EA0007B1515 = {
			isa = PBXGroup;
			children = (
				1AD9C145258F6EA0007B1515 /* app005 */,
				1AD9C144258F6EA0007B1515 /* Products */,
			);
			sourceTree = "<group>";
		};
		1AD9C144258F6EA0007B1515 /* Products */ = {
			isa = PBXGroup;
			children = (
				1AD9C143258F6EA0007B1515 /* app005.app */,
			);
			name = Products;
			sourceTree = "<group>";
		};
		1AD9C145258F6EA0007B1515 /* app005 */ = {
			isa = PBXGroup;
			children = (
				1AD9C146258F6EA0007B1515 /* app005App.swift */,
				1AD9C148258F6EA0007B1515 /* ContentView.swift */,
				1AD9C14A258F6EA6007B1515 /* Assets.xcassets */,
				1AD9C14F258F6EA6007B1515 /* Info.plist */,
				1AD9C14C258F6EA6007B1515 /* Preview Content */,
				1AD9C15A258F73C0007B1515 /* myVstack.swift */,
				1AD9C15D258F773C007B1515 /* myHstack.swift */,
				1AD9C160258F78AA007B1515 /* myZstack.swift */,
			);
			path = app005;
			sourceTree = "<group>";
		};
		1AD9C14C258F6EA6007B1515 /* Preview Content */ = {
			isa = PBXGroup;
			children = (
				1AD9C14D258F6EA6007B1515 /* Preview Assets.xcassets */,
			);
			path = "Preview Content";
			sourceTree = "<group>";
		};
/* End PBXGroup section */

/* Begin PBXNativeTarget section */
		1AD9C142258F6EA0007B1515 /* app005 */ = {
			isa = PBXNativeTarget;
			buildConfigurationList = 1AD9C152258F6EA6007B1515 /* Build configuration list for PBXNativeTarget "app005" */;
			buildPhases = (
				1AD9C13F258F6EA0007B1515 /* Sources */,
				1AD9C140258F6EA0007B1515 /* Frameworks */,
				1AD9C141258F6EA0007B1515 /* Resources */,
			);
			buildRules = (
			);
			dependencies = (
			);
			name = app005;
			productName = app005;
			productReference = 1AD9C143258F6EA0007B1515 /* app005.app */;
			productType = "com.apple.product-type.application";
		};
/* End PBXNativeTarget section */

/* Begin PBXProject section */
		1AD9C13B258F6EA0007B1515 /* Project object */ = {
			isa = PBXProject;
			attributes = {
				LastSwiftUpdateCheck = 1230;
				LastUpgradeCheck = 1230;
				TargetAttributes = {
					1AD9C142258F6EA0007B1515 = {
						CreatedOnToolsVersion = 12.3;
					};
				};
			};
			buildConfigurationList = 1AD9C13E258F6EA0007B1515 /* Build configuration list for PBXProject "app005" */;
			compatibilityVersion = "Xcode 9.3";
			developmentRegion = en;
			hasScannedForEncodings = 0;
			knownRegions = (
				en,
				Base,
			);
			mainGroup = 1AD9C13A258F6EA0007B1515;
			productRefGroup = 1AD9C144258F6EA0007B1515 /* Products */;
			projectDirPath = "";
			projectRoot = "";
			targets = (
				1AD9C142258F6EA0007B1515 /* app005 */,
			);
		};
/* End PBXProject section */

/* Begin PBXResourcesBuildPhase section */
		1AD9C141258F6EA0007B1515 /* Resources */ = {
			isa = PBXResourcesBuildPhase;
			buildActionMask = 2147483647;
			files = (
				1AD9C14E258F6EA6007B1515 /* Preview Assets.xcassets in Resources */,
				1AD9C14B258F6EA6007B1515 /* Assets.xcassets in Resources */,
			);
			runOnlyForDeploymentPostprocessing = 0;
		};
/* End PBXResourcesBuildPhase section */

/* Begin PBXSourcesBuildPhase section */
		1AD9C13F258F6EA0007B1515 /* Sources */ = {
			isa = PBXSourcesBuildPhase;
			buildActionMask = 2147483647;
			files = (
				1AD9C161258F78AA007B1515 /* myZstack.swift in Sources */,
				1AD9C149258F6EA0007B1515 /* ContentView.swift in Sources */,
				1AD9C15E258F773C007B1515 /* myHstack.swift in Sources */,
				1AD9C147258F6EA0007B1515 /* app005App.swift in Sources */,
				1AD9C15B258F73C0007B1515 /* myVstack.swift in Sources */,
			);
			runOnlyForDeploymentPostprocessing = 0;
		};
/* End PBXSourcesBuildPhase section */

/* Begin XCBuildConfiguration section */
		1AD9C150258F6EA6007B1515 /* Debug */ = {
			isa = XCBuildConfiguration;
			buildSettings = {
				ALWAYS_SEARCH_USER_PATHS = NO;
				CLANG_ANALYZER_NONNULL = YES;
				CLANG_ANALYZER_NUMBER_OBJECT_CONVERSION = YES_AGGRESSIVE;
				CLANG_CXX_LANGUAGE_STANDARD = "gnu++14";
				CLANG_CXX_LIBRARY = "libc++";
				CLANG_ENABLE_MODULES = YES;
				CLANG_ENABLE_OBJC_ARC = YES;
				CLANG_ENABLE_OBJC_WEAK = YES;
				CLANG_WARN_BLOCK_CAPTURE_AUTORELEASING = YES;
				CLANG_WARN_BOOL_CONVERSION = YES;
				CLANG_WARN_COMMA = YES;
				CLANG_WARN_CONSTANT_CONVERSION = YES;
				CLANG_WARN_DEPRECATED_OBJC_IMPLEMENTATIONS = YES;
				CLANG_WARN_DIRECT_OBJC_ISA_USAGE = YES_ERROR;
				CLANG_WARN_DOCUMENTATION_COMMENTS = YES;
				CLANG_WARN_EMPTY_BODY = YES;
				CLANG_WARN_ENUM_CONVERSION = YES;
				CLANG_WARN_INFINITE_RECURSION = YES;
				CLANG_WARN_INT_CONVERSION = YES;
				CLANG_WARN_NON_LITERAL_NULL_CONVERSION = YES;
				CLANG_WARN_OBJC_IMPLICIT_RETAIN_SELF = YES;
				CLANG_WARN_OBJC_LITERAL_CONVERSION = YES;
				CLANG_WARN_OBJC_ROOT_CLASS = YES_ERROR;
				CLANG_WARN_QUOTED_INCLUDE_IN_FRAMEWORK_HEADER = YES;
				CLANG_WARN_RANGE_LOOP_ANALYSIS = YES;
				CLANG_WARN_STRICT_PROTOTYPES = YES;
				CLANG_WARN_SUSPICIOUS_MOVE = YES;
				CLANG_WARN_UNGUARDED_AVAILABILITY = YES_AGGRESSIVE;
				CLANG_WARN_UNREACHABLE_CODE = YES;
				CLANG_WARN__DUPLICATE_METHOD_MATCH = YES;
				COPY_PHASE_STRIP = NO;
				DEBUG_INFORMATION_FORMAT = dwarf;
				ENABLE_STRICT_OBJC_MSGSEND = YES;
				ENABLE_TESTABILITY = YES;
				GCC_C_LANGUAGE_STANDARD = gnu11;
				GCC_DYNAMIC_NO_PIC = NO;
				GCC_NO_COMMON_BLOCKS = YES;
				GCC_OPTIMIZATION_LEVEL = 0;
				GCC_PREPROCESSOR_DEFINITIONS = (
					"DEBUG=1",
					"$(inherited)",
				);
				GCC_WARN_64_TO_32_BIT_CONVERSION = YES;
				GCC_WARN_ABOUT_RETURN_TYPE = YES_ERROR;
				GCC_WARN_UNDECLARED_SELECTOR = YES;
				GCC_WARN_UNINITIALIZED_AUTOS = YES_AGGRESSIVE;
				GCC_WARN_UNUSED_FUNCTION = YES;
				GCC_WARN_UNUSED_VARIABLE = YES;
				IPHONEOS_DEPLOYMENT_TARGET = 14.3;
				MTL_ENABLE_DEBUG_INFO = INCLUDE_SOURCE;
				MTL_FAST_MATH = YES;
				ONLY_ACTIVE_ARCH = YES;
				SDKROOT = iphoneos;
				SWIFT_ACTIVE_COMPILATION_CONDITIONS = DEBUG;
				SWIFT_OPTIMIZATION_LEVEL = "-Onone";
			};
			name = Debug;
		};
		1AD9C151258F6EA6007B1515 /* Release */ = {
			isa = XCBuildConfiguration;
			buildSettings = {
				ALWAYS_SEARCH_USER_PATHS = NO;
				CLANG_ANALYZER_NONNULL = YES;
				CLANG_ANALYZER_NUMBER_OBJECT_CONVERSION = YES_AGGRESSIVE;
				CLANG_CXX_LANGUAGE_STANDARD = "gnu++14";
				CLANG_CXX_LIBRARY = "libc++";
				CLANG_ENABLE_MODULES = YES;
				CLANG_ENABLE_OBJC_ARC = YES;
				CLANG_ENABLE_OBJC_WEAK = YES;
				CLANG_WARN_BLOCK_CAPTURE_AUTORELEASING = YES;
				CLANG_WARN_BOOL_CONVERSION = YES;
				CLANG_WARN_COMMA = YES;
				CLANG_WARN_CONSTANT_CONVERSION = YES;
				CLANG_WARN_DEPRECATED_OBJC_IMPLEMENTATIONS = YES;
				CLANG_WARN_DIRECT_OBJC_ISA_USAGE = YES_ERROR;
				CLANG_WARN_DOCUMENTATION_COMMENTS = YES;
				CLANG_WARN_EMPTY_BODY = YES;
				CLANG_WARN_ENUM_CONVERSION = YES;
				CLANG_WARN_INFINITE_RECURSION = YES;
				CLANG_WARN_INT_CONVERSION = YES;
				CLANG_WARN_NON_LITERAL_NULL_CONVERSION = YES;
				CLANG_WARN_OBJC_IMPLICIT_RETAIN_SELF = YES;
				CLANG_WARN_OBJC_LITERAL_CONVERSION = YES;
				CLANG_WARN_OBJC_ROOT_CLASS = YES_ERROR;
				CLANG_WARN_QUOTED_INCLUDE_IN_FRAMEWORK_HEADER = YES;
				CLANG_WARN_RANGE_LOOP_ANALYSIS = YES;
				CLANG_WARN_STRICT_PROTOTYPES = YES;
				CLANG_WARN_SUSPICIOUS_MOVE = YES;
				CLANG_WARN_UNGUARDED_AVAILABILITY = YES_AGGRESSIVE;
				CLANG_WARN_UNREACHABLE_CODE = YES;
				CLANG_WARN__DUPLICATE_METHOD_MATCH = YES;
				COPY_PHASE_STRIP = NO;
				DEBUG_INFORMATION_FORMAT = "dwarf-with-dsym";
				ENABLE_NS_ASSERTIONS = NO;
				ENABLE_STRICT_OBJC_MSGSEND = YES;
				GCC_C_LANGUAGE_STANDARD = gnu11;
				GCC_NO_COMMON_BLOCKS = YES;
				GCC_WARN_64_TO_32_BIT_CONVERSION = YES;
				GCC_WARN_ABOUT_RETURN_TYPE = YES_ERROR;
				GCC_WARN_UNDECLARED_SELECTOR = YES;
				GCC_WARN_UNINITIALIZED_AUTOS = YES_AGGRESSIVE;
				GCC_WARN_UNUSED_FUNCTION = YES;
				GCC_WARN_UNUSED_VARIABLE = YES;
				IPHONEOS_DEPLOYMENT_TARGET = 14.3;
				MTL_ENABLE_DEBUG_INFO = NO;
				MTL_FAST_MATH = YES;
				SDKROOT = iphoneos;
				SWIFT_COMPILATION_MODE = wholemodule;
				SWIFT_OPTIMIZATION_LEVEL = "-O";
				VALIDATE_PRODUCT = YES;
			};
			name = Release;
		};
		1AD9C153258F6EA6007B1515 /* Debug */ = {
			isa = XCBuildConfiguration;
			buildSettings = {
				ASSETCATALOG_COMPILER_APPICON_NAME = AppIcon;
				ASSETCATALOG_COMPILER_GLOBAL_ACCENT_COLOR_NAME = AccentColor;
				CODE_SIGN_STYLE = Automatic;
				DEVELOPMENT_ASSET_PATHS = "\"app005/Preview Content\"";
				DEVELOPMENT_TEAM = ZKRH5N6RGG;
				ENABLE_PREVIEWS = YES;
				INFOPLIST_FILE = app005/Info.plist;
				IPHONEOS_DEPLOYMENT_TARGET = 14.0;
				LD_RUNPATH_SEARCH_PATHS = (
					"$(inherited)",
					"@executable_path/Frameworks",
				);
				PRODUCT_BUNDLE_IDENTIFIER = parkgyurim.app005;
				PRODUCT_NAME = "$(TARGET_NAME)";
				SWIFT_VERSION = 5.0;
				TARGETED_DEVICE_FAMILY = "1,2";
			};
			name = Debug;
		};
		1AD9C154258F6EA6007B1515 /* Release */ = {
			isa = XCBuildConfiguration;
			buildSettings = {
				ASSETCATALOG_COMPILER_APPICON_NAME = AppIcon;
				ASSETCATALOG_COMPILER_GLOBAL_ACCENT_COLOR_NAME = AccentColor;
				CODE_SIGN_STYLE = Automatic;
				DEVELOPMENT_ASSET_PATHS = "\"app005/Preview Content\"";
				DEVELOPMENT_TEAM = ZKRH5N6RGG;
				ENABLE_PREVIEWS = YES;
				INFOPLIST_FILE = app005/Info.plist;
				IPHONEOS_DEPLOYMENT_TARGET = 14.0;
				LD_RUNPATH_SEARCH_PATHS = (
					"$(inherited)",
					"@executable_path/Frameworks",
				);
				PRODUCT_BUNDLE_IDENTIFIER = parkgyurim.app005;
				PRODUCT_NAME = "$(TARGET_NAME)";
				SWIFT_VERSION = 5.0;
				TARGETED_DEVICE_FAMILY = "1,2";
			};
			name = Release;
		};
/* End XCBuildConfiguration section */

/* Begin XCConfigurationList section */
		1AD9C13E258F6EA0007B1515 /* Build configuration list for PBXProject "app005" */ = {
			isa = XCConfigurationList;
			buildConfigurations = (
				1AD9C150258F6EA6007B1515 /* Debug */,
				1AD9C151258F6EA6007B1515 /* Release */,
			);
			defaultConfigurationIsVisible = 0;
			defaultConfigurationName = Release;
		};
		1AD9C152258F6EA6007B1515 /* Build configuration list for PBXNativeTarget "app005" */ = {
			isa = XCConfigurationList;
			buildConfigurations = (
				1AD9C153258F6EA6007B1515 /* Debug */,
				1AD9C154258F6EA6007B1515 /* Release */,
			);
			defaultConfigurationIsVisible = 0;
			defaultConfigurationName = Release;
		};
/* End XCConfigurationList section */
	};
	rootObject = 1AD9C13B258F6EA0007B1515 /* Project object */;
}
