// !$*UTF8*$!
{
	archiveVersion = 1;
	classes = {
	};
	objectVersion = 55;
	objects = {

/* Begin PBXBuildFile section */
		1ABD8EDA2868DD7F00CEE31F /* FBAnalyticsPracApp.swift in Sources */ = {isa = PBXBuildFile; fileRef = 1ABD8ED92868DD7F00CEE31F /* FBAnalyticsPracApp.swift */; };
		1ABD8EDC2868DD7F00CEE31F /* ContentView.swift in Sources */ = {isa = PBXBuildFile; fileRef = 1ABD8EDB2868DD7F00CEE31F /* ContentView.swift */; };
		1ABD8EDE2868DD8100CEE31F /* Assets.xcassets in Resources */ = {isa = PBXBuildFile; fileRef = 1ABD8EDD2868DD8100CEE31F /* Assets.xcassets */; };
		1ABD8EE12868DD8100CEE31F /* Preview Assets.xcassets in Resources */ = {isa = PBXBuildFile; fileRef = 1ABD8EE02868DD8100CEE31F /* Preview Assets.xcassets */; };
		1ABD8EE82868DDBB00CEE31F /* GoogleService-Info.plist in Resources */ = {isa = PBXBuildFile; fileRef = 1ABD8EE72868DDBB00CEE31F /* GoogleService-Info.plist */; };
		1ABD8EEB2868DE6C00CEE31F /* FirebaseAnalytics in Frameworks */ = {isa = PBXBuildFile; productRef = 1ABD8EEA2868DE6C00CEE31F /* FirebaseAnalytics */; };
		1ABD8EED2868DE6C00CEE31F /* FirebaseAnalyticsWithoutAdIdSupport in Frameworks */ = {isa = PBXBuildFile; productRef = 1ABD8EEC2868DE6C00CEE31F /* FirebaseAnalyticsWithoutAdIdSupport */; };
/* End PBXBuildFile section */

/* Begin PBXFileReference section */
		1ABD8ED62868DD7F00CEE31F /* FBAnalyticsPrac.app */ = {isa = PBXFileReference; explicitFileType = wrapper.application; includeInIndex = 0; path = FBAnalyticsPrac.app; sourceTree = BUILT_PRODUCTS_DIR; };
		1ABD8ED92868DD7F00CEE31F /* FBAnalyticsPracApp.swift */ = {isa = PBXFileReference; lastKnownFileType = sourcecode.swift; path = FBAnalyticsPracApp.swift; sourceTree = "<group>"; };
		1ABD8EDB2868DD7F00CEE31F /* ContentView.swift */ = {isa = PBXFileReference; lastKnownFileType = sourcecode.swift; path = ContentView.swift; sourceTree = "<group>"; };
		1ABD8EDD2868DD8100CEE31F /* Assets.xcassets */ = {isa = PBXFileReference; lastKnownFileType = folder.assetcatalog; path = Assets.xcassets; sourceTree = "<group>"; };
		1ABD8EE02868DD8100CEE31F /* Preview Assets.xcassets */ = {isa = PBXFileReference; lastKnownFileType = folder.assetcatalog; path = "Preview Assets.xcassets"; sourceTree = "<group>"; };
		1ABD8EE72868DDBB00CEE31F /* GoogleService-Info.plist */ = {isa = PBXFileReference; fileEncoding = 4; lastKnownFileType = text.plist.xml; path = "GoogleService-Info.plist"; sourceTree = "<group>"; };
/* End PBXFileReference section */

/* Begin PBXFrameworksBuildPhase section */
		1ABD8ED32868DD7F00CEE31F /* Frameworks */ = {
			isa = PBXFrameworksBuildPhase;
			buildActionMask = 2147483647;
			files = (
				1ABD8EEB2868DE6C00CEE31F /* FirebaseAnalytics in Frameworks */,
				1ABD8EED2868DE6C00CEE31F /* FirebaseAnalyticsWithoutAdIdSupport in Frameworks */,
			);
			runOnlyForDeploymentPostprocessing = 0;
		};
/* End PBXFrameworksBuildPhase section */

/* Begin PBXGroup section */
		1ABD8ECD2868DD7F00CEE31F = {
			isa = PBXGroup;
			children = (
				1ABD8ED82868DD7F00CEE31F /* FBAnalyticsPrac */,
				1ABD8ED72868DD7F00CEE31F /* Products */,
			);
			sourceTree = "<group>";
		};
		1ABD8ED72868DD7F00CEE31F /* Products */ = {
			isa = PBXGroup;
			children = (
				1ABD8ED62868DD7F00CEE31F /* FBAnalyticsPrac.app */,
			);
			name = Products;
			sourceTree = "<group>";
		};
		1ABD8ED82868DD7F00CEE31F /* FBAnalyticsPrac */ = {
			isa = PBXGroup;
			children = (
				1ABD8EE72868DDBB00CEE31F /* GoogleService-Info.plist */,
				1ABD8ED92868DD7F00CEE31F /* FBAnalyticsPracApp.swift */,
				1ABD8EDB2868DD7F00CEE31F /* ContentView.swift */,
				1ABD8EDD2868DD8100CEE31F /* Assets.xcassets */,
				1ABD8EDF2868DD8100CEE31F /* Preview Content */,
			);
			path = FBAnalyticsPrac;
			sourceTree = "<group>";
		};
		1ABD8EDF2868DD8100CEE31F /* Preview Content */ = {
			isa = PBXGroup;
			children = (
				1ABD8EE02868DD8100CEE31F /* Preview Assets.xcassets */,
			);
			path = "Preview Content";
			sourceTree = "<group>";
		};
/* End PBXGroup section */

/* Begin PBXNativeTarget section */
		1ABD8ED52868DD7F00CEE31F /* FBAnalyticsPrac */ = {
			isa = PBXNativeTarget;
			buildConfigurationList = 1ABD8EE42868DD8100CEE31F /* Build configuration list for PBXNativeTarget "FBAnalyticsPrac" */;
			buildPhases = (
				1ABD8ED22868DD7F00CEE31F /* Sources */,
				1ABD8ED32868DD7F00CEE31F /* Frameworks */,
				1ABD8ED42868DD7F00CEE31F /* Resources */,
			);
			buildRules = (
			);
			dependencies = (
			);
			name = FBAnalyticsPrac;
			packageProductDependencies = (
				1ABD8EEA2868DE6C00CEE31F /* FirebaseAnalytics */,
				1ABD8EEC2868DE6C00CEE31F /* FirebaseAnalyticsWithoutAdIdSupport */,
			);
			productName = FBAnalyticsPrac;
			productReference = 1ABD8ED62868DD7F00CEE31F /* FBAnalyticsPrac.app */;
			productType = "com.apple.product-type.application";
		};
/* End PBXNativeTarget section */

/* Begin PBXProject section */
		1ABD8ECE2868DD7F00CEE31F /* Project object */ = {
			isa = PBXProject;
			attributes = {
				BuildIndependentTargetsInParallel = 1;
				LastSwiftUpdateCheck = 1340;
				LastUpgradeCheck = 1340;
				TargetAttributes = {
					1ABD8ED52868DD7F00CEE31F = {
						CreatedOnToolsVersion = 13.4.1;
					};
				};
			};
			buildConfigurationList = 1ABD8ED12868DD7F00CEE31F /* Build configuration list for PBXProject "FBAnalyticsPrac" */;
			compatibilityVersion = "Xcode 13.0";
			developmentRegion = en;
			hasScannedForEncodings = 0;
			knownRegions = (
				en,
				Base,
			);
			mainGroup = 1ABD8ECD2868DD7F00CEE31F;
			packageReferences = (
				1ABD8EE92868DE6C00CEE31F /* XCRemoteSwiftPackageReference "firebase-ios-sdk" */,
			);
			productRefGroup = 1ABD8ED72868DD7F00CEE31F /* Products */;
			projectDirPath = "";
			projectRoot = "";
			targets = (
				1ABD8ED52868DD7F00CEE31F /* FBAnalyticsPrac */,
			);
		};
/* End PBXProject section */

/* Begin PBXResourcesBuildPhase section */
		1ABD8ED42868DD7F00CEE31F /* Resources */ = {
			isa = PBXResourcesBuildPhase;
			buildActionMask = 2147483647;
			files = (
				1ABD8EE12868DD8100CEE31F /* Preview Assets.xcassets in Resources */,
				1ABD8EDE2868DD8100CEE31F /* Assets.xcassets in Resources */,
				1ABD8EE82868DDBB00CEE31F /* GoogleService-Info.plist in Resources */,
			);
			runOnlyForDeploymentPostprocessing = 0;
		};
/* End PBXResourcesBuildPhase section */

/* Begin PBXSourcesBuildPhase section */
		1ABD8ED22868DD7F00CEE31F /* Sources */ = {
			isa = PBXSourcesBuildPhase;
			buildActionMask = 2147483647;
			files = (
				1ABD8EDC2868DD7F00CEE31F /* ContentView.swift in Sources */,
				1ABD8EDA2868DD7F00CEE31F /* FBAnalyticsPracApp.swift in Sources */,
			);
			runOnlyForDeploymentPostprocessing = 0;
		};
/* End PBXSourcesBuildPhase section */

/* Begin XCBuildConfiguration section */
		1ABD8EE22868DD8100CEE31F /* Debug */ = {
			isa = XCBuildConfiguration;
			buildSettings = {
				ALWAYS_SEARCH_USER_PATHS = NO;
				CLANG_ANALYZER_NONNULL = YES;
				CLANG_ANALYZER_NUMBER_OBJECT_CONVERSION = YES_AGGRESSIVE;
				CLANG_CXX_LANGUAGE_STANDARD = "gnu++17";
				CLANG_ENABLE_MODULES = YES;
				CLANG_ENABLE_OBJC_ARC = YES;
				CLANG_ENABLE_OBJC_WEAK = YES;
				CLANG_WARN_BLOCK_CAPTURE_AUTORELEASING = YES;
				CLANG_WARN_BOOL_CONVERSION = YES;
				CLANG_WARN_COMMA = YES;
				CLANG_WARN_CONSTANT_CONVERSION = YES;
				CLANG_WARN_DEPRECATED_OBJC_IMPLEMENTATIONS = YES;
				CLANG_WARN_DIRECT_OBJC_ISA_USAGE = YES_ERROR;
				CLANG_WARN_DOCUMENTATION_COMMENTS = YES;
				CLANG_WARN_EMPTY_BODY = YES;
				CLANG_WARN_ENUM_CONVERSION = YES;
				CLANG_WARN_INFINITE_RECURSION = YES;
				CLANG_WARN_INT_CONVERSION = YES;
				CLANG_WARN_NON_LITERAL_NULL_CONVERSION = YES;
				CLANG_WARN_OBJC_IMPLICIT_RETAIN_SELF = YES;
				CLANG_WARN_OBJC_LITERAL_CONVERSION = YES;
				CLANG_WARN_OBJC_ROOT_CLASS = YES_ERROR;
				CLANG_WARN_QUOTED_INCLUDE_IN_FRAMEWORK_HEADER = YES;
				CLANG_WARN_RANGE_LOOP_ANALYSIS = YES;
				CLANG_WARN_STRICT_PROTOTYPES = YES;
				CLANG_WARN_SUSPICIOUS_MOVE = YES;
				CLANG_WARN_UNGUARDED_AVAILABILITY = YES_AGGRESSIVE;
				CLANG_WARN_UNREACHABLE_CODE = YES;
				CLANG_WARN__DUPLICATE_METHOD_MATCH = YES;
				COPY_PHASE_STRIP = NO;
				DEBUG_INFORMATION_FORMAT = dwarf;
				ENABLE_STRICT_OBJC_MSGSEND = YES;
				ENABLE_TESTABILITY = YES;
				GCC_C_LANGUAGE_STANDARD = gnu11;
				GCC_DYNAMIC_NO_PIC = NO;
				GCC_NO_COMMON_BLOCKS = YES;
				GCC_OPTIMIZATION_LEVEL = 0;
				GCC_PREPROCESSOR_DEFINITIONS = (
					"DEBUG=1",
					"$(inherited)",
				);
				GCC_WARN_64_TO_32_BIT_CONVERSION = YES;
				GCC_WARN_ABOUT_RETURN_TYPE = YES_ERROR;
				GCC_WARN_UNDECLARED_SELECTOR = YES;
				GCC_WARN_UNINITIALIZED_AUTOS = YES_AGGRESSIVE;
				GCC_WARN_UNUSED_FUNCTION = YES;
				GCC_WARN_UNUSED_VARIABLE = YES;
				IPHONEOS_DEPLOYMENT_TARGET = 15.5;
				MTL_ENABLE_DEBUG_INFO = INCLUDE_SOURCE;
				MTL_FAST_MATH = YES;
				ONLY_ACTIVE_ARCH = YES;
				SDKROOT = iphoneos;
				SWIFT_ACTIVE_COMPILATION_CONDITIONS = DEBUG;
				SWIFT_OPTIMIZATION_LEVEL = "-Onone";
			};
			name = Debug;
		};
		1ABD8EE32868DD8100CEE31F /* Release */ = {
			isa = XCBuildConfiguration;
			buildSettings = {
				ALWAYS_SEARCH_USER_PATHS = NO;
				CLANG_ANALYZER_NONNULL = YES;
				CLANG_ANALYZER_NUMBER_OBJECT_CONVERSION = YES_AGGRESSIVE;
				CLANG_CXX_LANGUAGE_STANDARD = "gnu++17";
				CLANG_ENABLE_MODULES = YES;
				CLANG_ENABLE_OBJC_ARC = YES;
				CLANG_ENABLE_OBJC_WEAK = YES;
				CLANG_WARN_BLOCK_CAPTURE_AUTORELEASING = YES;
				CLANG_WARN_BOOL_CONVERSION = YES;
				CLANG_WARN_COMMA = YES;
				CLANG_WARN_CONSTANT_CONVERSION = YES;
				CLANG_WARN_DEPRECATED_OBJC_IMPLEMENTATIONS = YES;
				CLANG_WARN_DIRECT_OBJC_ISA_USAGE = YES_ERROR;
				CLANG_WARN_DOCUMENTATION_COMMENTS = YES;
				CLANG_WARN_EMPTY_BODY = YES;
				CLANG_WARN_ENUM_CONVERSION = YES;
				CLANG_WARN_INFINITE_RECURSION = YES;
				CLANG_WARN_INT_CONVERSION = YES;
				CLANG_WARN_NON_LITERAL_NULL_CONVERSION = YES;
				CLANG_WARN_OBJC_IMPLICIT_RETAIN_SELF = YES;
				CLANG_WARN_OBJC_LITERAL_CONVERSION = YES;
				CLANG_WARN_OBJC_ROOT_CLASS = YES_ERROR;
				CLANG_WARN_QUOTED_INCLUDE_IN_FRAMEWORK_HEADER = YES;
				CLANG_WARN_RANGE_LOOP_ANALYSIS = YES;
				CLANG_WARN_STRICT_PROTOTYPES = YES;
				CLANG_WARN_SUSPICIOUS_MOVE = YES;
				CLANG_WARN_UNGUARDED_AVAILABILITY = YES_AGGRESSIVE;
				CLANG_WARN_UNREACHABLE_CODE = YES;
				CLANG_WARN__DUPLICATE_METHOD_MATCH = YES;
				COPY_PHASE_STRIP = NO;
				DEBUG_INFORMATION_FORMAT = "dwarf-with-dsym";
				ENABLE_NS_ASSERTIONS = NO;
				ENABLE_STRICT_OBJC_MSGSEND = YES;
				GCC_C_LANGUAGE_STANDARD = gnu11;
				GCC_NO_COMMON_BLOCKS = YES;
				GCC_WARN_64_TO_32_BIT_CONVERSION = YES;
				GCC_WARN_ABOUT_RETURN_TYPE = YES_ERROR;
				GCC_WARN_UNDECLARED_SELECTOR = YES;
				GCC_WARN_UNINITIALIZED_AUTOS = YES_AGGRESSIVE;
				GCC_WARN_UNUSED_FUNCTION = YES;
				GCC_WARN_UNUSED_VARIABLE = YES;
				IPHONEOS_DEPLOYMENT_TARGET = 15.5;
				MTL_ENABLE_DEBUG_INFO = NO;
				MTL_FAST_MATH = YES;
				SDKROOT = iphoneos;
				SWIFT_COMPILATION_MODE = wholemodule;
				SWIFT_OPTIMIZATION_LEVEL = "-O";
				VALIDATE_PRODUCT = YES;
			};
			name = Release;
		};
		1ABD8EE52868DD8100CEE31F /* Debug */ = {
			isa = XCBuildConfiguration;
			buildSettings = {
				ASSETCATALOG_COMPILER_APPICON_NAME = AppIcon;
				ASSETCATALOG_COMPILER_GLOBAL_ACCENT_COLOR_NAME = AccentColor;
				CODE_SIGN_STYLE = Automatic;
				CURRENT_PROJECT_VERSION = 1;
				DEVELOPMENT_ASSET_PATHS = "\"FBAnalyticsPrac/Preview Content\"";
				DEVELOPMENT_TEAM = ZKRH5N6RGG;
				ENABLE_PREVIEWS = YES;
				GENERATE_INFOPLIST_FILE = YES;
				INFOPLIST_KEY_UIApplicationSceneManifest_Generation = YES;
				INFOPLIST_KEY_UIApplicationSupportsIndirectInputEvents = YES;
				INFOPLIST_KEY_UILaunchScreen_Generation = YES;
				INFOPLIST_KEY_UISupportedInterfaceOrientations_iPad = "UIInterfaceOrientationPortrait UIInterfaceOrientationPortraitUpsideDown UIInterfaceOrientationLandscapeLeft UIInterfaceOrientationLandscapeRight";
				INFOPLIST_KEY_UISupportedInterfaceOrientations_iPhone = "UIInterfaceOrientationPortrait UIInterfaceOrientationLandscapeLeft UIInterfaceOrientationLandscapeRight";
				LD_RUNPATH_SEARCH_PATHS = (
					"$(inherited)",
					"@executable_path/Frameworks",
				);
				MARKETING_VERSION = 1.0;
				PRODUCT_BUNDLE_IDENTIFIER = personal.parkgyurim.development.FBAnalyticsPrac;
				PRODUCT_NAME = "$(TARGET_NAME)";
				SWIFT_EMIT_LOC_STRINGS = YES;
				SWIFT_VERSION = 5.0;
				TARGETED_DEVICE_FAMILY = "1,2";
			};
			name = Debug;
		};
		1ABD8EE62868DD8100CEE31F /* Release */ = {
			isa = XCBuildConfiguration;
			buildSettings = {
				ASSETCATALOG_COMPILER_APPICON_NAME = AppIcon;
				ASSETCATALOG_COMPILER_GLOBAL_ACCENT_COLOR_NAME = AccentColor;
				CODE_SIGN_STYLE = Automatic;
				CURRENT_PROJECT_VERSION = 1;
				DEVELOPMENT_ASSET_PATHS = "\"FBAnalyticsPrac/Preview Content\"";
				DEVELOPMENT_TEAM = ZKRH5N6RGG;
				ENABLE_PREVIEWS = YES;
				GENERATE_INFOPLIST_FILE = YES;
				INFOPLIST_KEY_UIApplicationSceneManifest_Generation = YES;
				INFOPLIST_KEY_UIApplicationSupportsIndirectInputEvents = YES;
				INFOPLIST_KEY_UILaunchScreen_Generation = YES;
				INFOPLIST_KEY_UISupportedInterfaceOrientations_iPad = "UIInterfaceOrientationPortrait UIInterfaceOrientationPortraitUpsideDown UIInterfaceOrientationLandscapeLeft UIInterfaceOrientationLandscapeRight";
				INFOPLIST_KEY_UISupportedInterfaceOrientations_iPhone = "UIInterfaceOrientationPortrait UIInterfaceOrientationLandscapeLeft UIInterfaceOrientationLandscapeRight";
				LD_RUNPATH_SEARCH_PATHS = (
					"$(inherited)",
					"@executable_path/Frameworks",
				);
				MARKETING_VERSION = 1.0;
				PRODUCT_BUNDLE_IDENTIFIER = personal.parkgyurim.development.FBAnalyticsPrac;
				PRODUCT_NAME = "$(TARGET_NAME)";
				SWIFT_EMIT_LOC_STRINGS = YES;
				SWIFT_VERSION = 5.0;
				TARGETED_DEVICE_FAMILY = "1,2";
			};
			name = Release;
		};
/* End XCBuildConfiguration section */

/* Begin XCConfigurationList section */
		1ABD8ED12868DD7F00CEE31F /* Build configuration list for PBXProject "FBAnalyticsPrac" */ = {
			isa = XCConfigurationList;
			buildConfigurations = (
				1ABD8EE22868DD8100CEE31F /* Debug */,
				1ABD8EE32868DD8100CEE31F /* Release */,
			);
			defaultConfigurationIsVisible = 0;
			defaultConfigurationName = Release;
		};
		1ABD8EE42868DD8100CEE31F /* Build configuration list for PBXNativeTarget "FBAnalyticsPrac" */ = {
			isa = XCConfigurationList;
			buildConfigurations = (
				1ABD8EE52868DD8100CEE31F /* Debug */,
				1ABD8EE62868DD8100CEE31F /* Release */,
			);
			defaultConfigurationIsVisible = 0;
			defaultConfigurationName = Release;
		};
/* End XCConfigurationList section */

/* Begin XCRemoteSwiftPackageReference section */
		1ABD8EE92868DE6C00CEE31F /* XCRemoteSwiftPackageReference "firebase-ios-sdk" */ = {
			isa = XCRemoteSwiftPackageReference;
			repositoryURL = "https://github.com/firebase/firebase-ios-sdk";
			requirement = {
				branch = master;
				kind = branch;
			};
		};
/* End XCRemoteSwiftPackageReference section */

/* Begin XCSwiftPackageProductDependency section */
		1ABD8EEA2868DE6C00CEE31F /* FirebaseAnalytics */ = {
			isa = XCSwiftPackageProductDependency;
			package = 1ABD8EE92868DE6C00CEE31F /* XCRemoteSwiftPackageReference "firebase-ios-sdk" */;
			productName = FirebaseAnalytics;
		};
		1ABD8EEC2868DE6C00CEE31F /* FirebaseAnalyticsWithoutAdIdSupport */ = {
			isa = XCSwiftPackageProductDependency;
			package = 1ABD8EE92868DE6C00CEE31F /* XCRemoteSwiftPackageReference "firebase-ios-sdk" */;
			productName = FirebaseAnalyticsWithoutAdIdSupport;
		};
/* End XCSwiftPackageProductDependency section */
	};
	rootObject = 1ABD8ECE2868DD7F00CEE31F /* Project object */;
}
